// !$*UTF8*$!
{
	archiveVersion = 1;
	classes = {
	};
	objectVersion = 46;
	objects = {

/* Begin PBXBuildFile section */
		FD3ABCAC1BA7152500F17631 /* BGDiscoverViewController.m in Sources */ = {isa = PBXBuildFile; fileRef = FD3ABC871BA7152500F17631 /* BGDiscoverViewController.m */; };
		FD3ABCAD1BA7152500F17631 /* BGHomeViewController.m in Sources */ = {isa = PBXBuildFile; fileRef = FD3ABC8D1BA7152500F17631 /* BGHomeViewController.m */; };
		FD3ABCAE1BA7152500F17631 /* BGTabBarViewController.m in Sources */ = {isa = PBXBuildFile; fileRef = FD3ABC941BA7152500F17631 /* BGTabBarViewController.m */; };
		FD3ABCAF1BA7152500F17631 /* AppDelegate.m in Sources */ = {isa = PBXBuildFile; fileRef = FD3ABC991BA7152500F17631 /* AppDelegate.m */; };
		FD3ABCB01BA7152500F17631 /* main.m in Sources */ = {isa = PBXBuildFile; fileRef = FD3ABC9A1BA7152500F17631 /* main.m */; };
		FD3ABCB11BA7152500F17631 /* BGMessageCenterViewController.m in Sources */ = {isa = PBXBuildFile; fileRef = FD3ABC9F1BA7152500F17631 /* BGMessageCenterViewController.m */; };
		FD3ABCB21BA7152500F17631 /* BGProfileViewController.m in Sources */ = {isa = PBXBuildFile; fileRef = FD3ABCA91BA7152500F17631 /* BGProfileViewController.m */; };
		FD3ABCB51BA716FD00F17631 /* BGNavigationController.m in Sources */ = {isa = PBXBuildFile; fileRef = FD3ABCB41BA716FD00F17631 /* BGNavigationController.m */; };
		FD3ABCB81BA7196C00F17631 /* UIView+Extension.m in Sources */ = {isa = PBXBuildFile; fileRef = FD3ABCB71BA7196C00F17631 /* UIView+Extension.m */; };
		FD3ABCBB1BA71D2D00F17631 /* UIBarButtonItem+Extension.m in Sources */ = {isa = PBXBuildFile; fileRef = FD3ABCBA1BA71D2D00F17631 /* UIBarButtonItem+Extension.m */; };
		FD896FE81BAC6EAD002C4B7C /* BGDropdownMenu.m in Sources */ = {isa = PBXBuildFile; fileRef = FD896FE51BAC6EAD002C4B7C /* BGDropdownMenu.m */; settings = {ASSET_TAGS = (); }; };
		FD896FE91BAC6EAD002C4B7C /* BGTabBar.m in Sources */ = {isa = PBXBuildFile; fileRef = FD896FE71BAC6EAD002C4B7C /* BGTabBar.m */; settings = {ASSET_TAGS = (); }; };
		FD896FEC1BAC7069002C4B7C /* BGTitleMenuViewController.m in Sources */ = {isa = PBXBuildFile; fileRef = FD896FEB1BAC7069002C4B7C /* BGTitleMenuViewController.m */; settings = {ASSET_TAGS = (); }; };
		FD8FE9381BAD90A10015102C /* BGNewfeatureViewController.m in Sources */ = {isa = PBXBuildFile; fileRef = FD8FE9371BAD90A10015102C /* BGNewfeatureViewController.m */; settings = {ASSET_TAGS = (); }; };
		FD94CD561BA871400096736C /* BGSearchBar.m in Sources */ = {isa = PBXBuildFile; fileRef = FD94CD551BA871400096736C /* BGSearchBar.m */; };
		FD9EFAD21BA1E55800D712F3 /* Images.xcassets in Resources */ = {isa = PBXBuildFile; fileRef = FD9EFAD11BA1E55800D712F3 /* Images.xcassets */; };
		FD9EFAE11BA1E55800D712F3 /* BGWeiBoTests.m in Sources */ = {isa = PBXBuildFile; fileRef = FD9EFAE01BA1E55800D712F3 /* BGWeiBoTests.m */; };
/* End PBXBuildFile section */

/* Begin PBXContainerItemProxy section */
		FD9EFADB1BA1E55800D712F3 /* PBXContainerItemProxy */ = {
			isa = PBXContainerItemProxy;
			containerPortal = FD9EFAB91BA1E55700D712F3 /* Project object */;
			proxyType = 1;
			remoteGlobalIDString = FD9EFAC01BA1E55700D712F3;
			remoteInfo = BGWeiBo;
		};
/* End PBXContainerItemProxy section */

/* Begin PBXFileReference section */
		FD3ABC861BA7152500F17631 /* BGDiscoverViewController.h */ = {isa = PBXFileReference; fileEncoding = 4; lastKnownFileType = sourcecode.c.h; path = BGDiscoverViewController.h; sourceTree = "<group>"; };
		FD3ABC871BA7152500F17631 /* BGDiscoverViewController.m */ = {isa = PBXFileReference; fileEncoding = 4; lastKnownFileType = sourcecode.c.objc; path = BGDiscoverViewController.m; sourceTree = "<group>"; };
		FD3ABC8C1BA7152500F17631 /* BGHomeViewController.h */ = {isa = PBXFileReference; fileEncoding = 4; lastKnownFileType = sourcecode.c.h; path = BGHomeViewController.h; sourceTree = "<group>"; };
		FD3ABC8D1BA7152500F17631 /* BGHomeViewController.m */ = {isa = PBXFileReference; fileEncoding = 4; lastKnownFileType = sourcecode.c.objc; path = BGHomeViewController.m; sourceTree = "<group>"; };
		FD3ABC931BA7152500F17631 /* BGTabBarViewController.h */ = {isa = PBXFileReference; fileEncoding = 4; lastKnownFileType = sourcecode.c.h; path = BGTabBarViewController.h; sourceTree = "<group>"; };
		FD3ABC941BA7152500F17631 /* BGTabBarViewController.m */ = {isa = PBXFileReference; fileEncoding = 4; lastKnownFileType = sourcecode.c.objc; path = BGTabBarViewController.m; sourceTree = "<group>"; };
		FD3ABC981BA7152500F17631 /* AppDelegate.h */ = {isa = PBXFileReference; fileEncoding = 4; lastKnownFileType = sourcecode.c.h; path = AppDelegate.h; sourceTree = "<group>"; };
		FD3ABC991BA7152500F17631 /* AppDelegate.m */ = {isa = PBXFileReference; fileEncoding = 4; lastKnownFileType = sourcecode.c.objc; path = AppDelegate.m; sourceTree = "<group>"; };
		FD3ABC9A1BA7152500F17631 /* main.m */ = {isa = PBXFileReference; fileEncoding = 4; lastKnownFileType = sourcecode.c.objc; path = main.m; sourceTree = "<group>"; };
		FD3ABC9E1BA7152500F17631 /* BGMessageCenterViewController.h */ = {isa = PBXFileReference; fileEncoding = 4; lastKnownFileType = sourcecode.c.h; path = BGMessageCenterViewController.h; sourceTree = "<group>"; };
		FD3ABC9F1BA7152500F17631 /* BGMessageCenterViewController.m */ = {isa = PBXFileReference; fileEncoding = 4; lastKnownFileType = sourcecode.c.objc; path = BGMessageCenterViewController.m; sourceTree = "<group>"; };
		FD3ABCA81BA7152500F17631 /* BGProfileViewController.h */ = {isa = PBXFileReference; fileEncoding = 4; lastKnownFileType = sourcecode.c.h; path = BGProfileViewController.h; sourceTree = "<group>"; };
		FD3ABCA91BA7152500F17631 /* BGProfileViewController.m */ = {isa = PBXFileReference; fileEncoding = 4; lastKnownFileType = sourcecode.c.objc; path = BGProfileViewController.m; sourceTree = "<group>"; };
		FD3ABCB31BA716FD00F17631 /* BGNavigationController.h */ = {isa = PBXFileReference; fileEncoding = 4; lastKnownFileType = sourcecode.c.h; path = BGNavigationController.h; sourceTree = "<group>"; };
		FD3ABCB41BA716FD00F17631 /* BGNavigationController.m */ = {isa = PBXFileReference; fileEncoding = 4; lastKnownFileType = sourcecode.c.objc; path = BGNavigationController.m; sourceTree = "<group>"; };
		FD3ABCB61BA7196C00F17631 /* UIView+Extension.h */ = {isa = PBXFileReference; fileEncoding = 4; lastKnownFileType = sourcecode.c.h; path = "UIView+Extension.h"; sourceTree = "<group>"; };
		FD3ABCB71BA7196C00F17631 /* UIView+Extension.m */ = {isa = PBXFileReference; fileEncoding = 4; lastKnownFileType = sourcecode.c.objc; path = "UIView+Extension.m"; sourceTree = "<group>"; };
		FD3ABCB91BA71D2D00F17631 /* UIBarButtonItem+Extension.h */ = {isa = PBXFileReference; fileEncoding = 4; lastKnownFileType = sourcecode.c.h; path = "UIBarButtonItem+Extension.h"; sourceTree = "<group>"; };
		FD3ABCBA1BA71D2D00F17631 /* UIBarButtonItem+Extension.m */ = {isa = PBXFileReference; fileEncoding = 4; lastKnownFileType = sourcecode.c.objc; path = "UIBarButtonItem+Extension.m"; sourceTree = "<group>"; };
		FD896FE41BAC6EAD002C4B7C /* BGDropdownMenu.h */ = {isa = PBXFileReference; fileEncoding = 4; lastKnownFileType = sourcecode.c.h; path = BGDropdownMenu.h; sourceTree = "<group>"; };
		FD896FE51BAC6EAD002C4B7C /* BGDropdownMenu.m */ = {isa = PBXFileReference; fileEncoding = 4; lastKnownFileType = sourcecode.c.objc; path = BGDropdownMenu.m; sourceTree = "<group>"; };
		FD896FE61BAC6EAD002C4B7C /* BGTabBar.h */ = {isa = PBXFileReference; fileEncoding = 4; lastKnownFileType = sourcecode.c.h; path = BGTabBar.h; sourceTree = "<group>"; };
		FD896FE71BAC6EAD002C4B7C /* BGTabBar.m */ = {isa = PBXFileReference; fileEncoding = 4; lastKnownFileType = sourcecode.c.objc; path = BGTabBar.m; sourceTree = "<group>"; };
		FD896FEA1BAC7069002C4B7C /* BGTitleMenuViewController.h */ = {isa = PBXFileReference; fileEncoding = 4; lastKnownFileType = sourcecode.c.h; path = BGTitleMenuViewController.h; sourceTree = "<group>"; };
		FD896FEB1BAC7069002C4B7C /* BGTitleMenuViewController.m */ = {isa = PBXFileReference; fileEncoding = 4; lastKnownFileType = sourcecode.c.objc; path = BGTitleMenuViewController.m; sourceTree = "<group>"; };
		FD8FE9361BAD90A10015102C /* BGNewfeatureViewController.h */ = {isa = PBXFileReference; fileEncoding = 4; lastKnownFileType = sourcecode.c.h; path = BGNewfeatureViewController.h; sourceTree = "<group>"; };
		FD8FE9371BAD90A10015102C /* BGNewfeatureViewController.m */ = {isa = PBXFileReference; fileEncoding = 4; lastKnownFileType = sourcecode.c.objc; path = BGNewfeatureViewController.m; sourceTree = "<group>"; };
		FD94CD541BA8713F0096736C /* BGSearchBar.h */ = {isa = PBXFileReference; fileEncoding = 4; lastKnownFileType = sourcecode.c.h; path = BGSearchBar.h; sourceTree = "<group>"; };
		FD94CD551BA871400096736C /* BGSearchBar.m */ = {isa = PBXFileReference; fileEncoding = 4; lastKnownFileType = sourcecode.c.objc; path = BGSearchBar.m; sourceTree = "<group>"; };
		FD9EFAC11BA1E55700D712F3 /* BGWeiBo.app */ = {isa = PBXFileReference; explicitFileType = wrapper.application; includeInIndex = 0; path = BGWeiBo.app; sourceTree = BUILT_PRODUCTS_DIR; };
		FD9EFAC51BA1E55700D712F3 /* Info.plist */ = {isa = PBXFileReference; lastKnownFileType = text.plist.xml; path = Info.plist; sourceTree = "<group>"; };
		FD9EFAD11BA1E55800D712F3 /* Images.xcassets */ = {isa = PBXFileReference; lastKnownFileType = folder.assetcatalog; path = Images.xcassets; sourceTree = "<group>"; };
		FD9EFADA1BA1E55800D712F3 /* BGWeiBoTests.xctest */ = {isa = PBXFileReference; explicitFileType = wrapper.cfbundle; includeInIndex = 0; path = BGWeiBoTests.xctest; sourceTree = BUILT_PRODUCTS_DIR; };
		FD9EFADF1BA1E55800D712F3 /* Info.plist */ = {isa = PBXFileReference; lastKnownFileType = text.plist.xml; path = Info.plist; sourceTree = "<group>"; };
		FD9EFAE01BA1E55800D712F3 /* BGWeiBoTests.m */ = {isa = PBXFileReference; lastKnownFileType = sourcecode.c.objc; path = BGWeiBoTests.m; sourceTree = "<group>"; };
		FD9EFAF01BA1E72500D712F3 /* BGWeiBo-Prefix.pch */ = {isa = PBXFileReference; fileEncoding = 4; lastKnownFileType = sourcecode.c.h; path = "BGWeiBo-Prefix.pch"; sourceTree = "<group>"; };
/* End PBXFileReference section */

/* Begin PBXFrameworksBuildPhase section */
		FD9EFABE1BA1E55700D712F3 /* Frameworks */ = {
			isa = PBXFrameworksBuildPhase;
			buildActionMask = 2147483647;
			files = (
			);
			runOnlyForDeploymentPostprocessing = 0;
		};
		FD9EFAD71BA1E55800D712F3 /* Frameworks */ = {
			isa = PBXFrameworksBuildPhase;
			buildActionMask = 2147483647;
			files = (
			);
			runOnlyForDeploymentPostprocessing = 0;
		};
/* End PBXFrameworksBuildPhase section */

/* Begin PBXGroup section */
		FD3ABC841BA7152500F17631 /* Discover(发现) */ = {
			isa = PBXGroup;
			children = (
				FD3ABC851BA7152500F17631 /* Controller */,
				FD3ABC881BA7152500F17631 /* Model */,
				FD3ABC891BA7152500F17631 /* View */,
			);
			path = "Discover(发现)";
			sourceTree = "<group>";
		};
		FD3ABC851BA7152500F17631 /* Controller */ = {
			isa = PBXGroup;
			children = (
				FD3ABC861BA7152500F17631 /* BGDiscoverViewController.h */,
				FD3ABC871BA7152500F17631 /* BGDiscoverViewController.m */,
			);
			path = Controller;
			sourceTree = "<group>";
		};
		FD3ABC881BA7152500F17631 /* Model */ = {
			isa = PBXGroup;
			children = (
			);
			path = Model;
			sourceTree = "<group>";
		};
		FD3ABC891BA7152500F17631 /* View */ = {
			isa = PBXGroup;
			children = (
			);
			path = View;
			sourceTree = "<group>";
		};
		FD3ABC8A1BA7152500F17631 /* Home(首页) */ = {
			isa = PBXGroup;
			children = (
				FD3ABC8B1BA7152500F17631 /* Controller */,
				FD3ABC8E1BA7152500F17631 /* Model */,
				FD3ABC8F1BA7152500F17631 /* View */,
			);
			path = "Home(首页)";
			sourceTree = "<group>";
		};
		FD3ABC8B1BA7152500F17631 /* Controller */ = {
			isa = PBXGroup;
			children = (
				FD3ABC8C1BA7152500F17631 /* BGHomeViewController.h */,
				FD3ABC8D1BA7152500F17631 /* BGHomeViewController.m */,
			);
			path = Controller;
			sourceTree = "<group>";
		};
		FD3ABC8E1BA7152500F17631 /* Model */ = {
			isa = PBXGroup;
			children = (
			);
			path = Model;
			sourceTree = "<group>";
		};
		FD3ABC8F1BA7152500F17631 /* View */ = {
			isa = PBXGroup;
			children = (
				FD896FEA1BAC7069002C4B7C /* BGTitleMenuViewController.h */,
				FD896FEB1BAC7069002C4B7C /* BGTitleMenuViewController.m */,
			);
			path = View;
			sourceTree = "<group>";
		};
		FD3ABC901BA7152500F17631 /* Main(主要) */ = {
			isa = PBXGroup;
			children = (
				FD3ABC911BA7152500F17631 /* Category */,
				FD3ABC921BA7152500F17631 /* Controller */,
				FD3ABC951BA7152500F17631 /* Lib */,
				FD3ABC961BA7152500F17631 /* Model */,
				FD3ABC971BA7152500F17631 /* Other */,
				FD3ABC9B1BA7152500F17631 /* View */,
			);
			path = "Main(主要)";
			sourceTree = "<group>";
		};
		FD3ABC911BA7152500F17631 /* Category */ = {
			isa = PBXGroup;
			children = (
				FD3ABCB91BA71D2D00F17631 /* UIBarButtonItem+Extension.h */,
				FD3ABCBA1BA71D2D00F17631 /* UIBarButtonItem+Extension.m */,
				FD3ABCB61BA7196C00F17631 /* UIView+Extension.h */,
				FD3ABCB71BA7196C00F17631 /* UIView+Extension.m */,
			);
			path = Category;
			sourceTree = "<group>";
		};
		FD3ABC921BA7152500F17631 /* Controller */ = {
			isa = PBXGroup;
			children = (
				FD3ABC931BA7152500F17631 /* BGTabBarViewController.h */,
				FD3ABC941BA7152500F17631 /* BGTabBarViewController.m */,
				FD3ABCB31BA716FD00F17631 /* BGNavigationController.h */,
				FD3ABCB41BA716FD00F17631 /* BGNavigationController.m */,
			);
			path = Controller;
			sourceTree = "<group>";
		};
		FD3ABC951BA7152500F17631 /* Lib */ = {
			isa = PBXGroup;
			children = (
			);
			path = Lib;
			sourceTree = "<group>";
		};
		FD3ABC961BA7152500F17631 /* Model */ = {
			isa = PBXGroup;
			children = (
			);
			path = Model;
			sourceTree = "<group>";
		};
		FD3ABC971BA7152500F17631 /* Other */ = {
			isa = PBXGroup;
			children = (
				FD3ABC981BA7152500F17631 /* AppDelegate.h */,
				FD3ABC991BA7152500F17631 /* AppDelegate.m */,
				FD3ABC9A1BA7152500F17631 /* main.m */,
			);
			path = Other;
			sourceTree = "<group>";
		};
		FD3ABC9B1BA7152500F17631 /* View */ = {
			isa = PBXGroup;
			children = (
				FD896FE41BAC6EAD002C4B7C /* BGDropdownMenu.h */,
				FD896FE51BAC6EAD002C4B7C /* BGDropdownMenu.m */,
				FD896FE61BAC6EAD002C4B7C /* BGTabBar.h */,
				FD896FE71BAC6EAD002C4B7C /* BGTabBar.m */,
				FD94CD541BA8713F0096736C /* BGSearchBar.h */,
				FD94CD551BA871400096736C /* BGSearchBar.m */,
			);
			path = View;
			sourceTree = "<group>";
		};
		FD3ABC9C1BA7152500F17631 /* MessageCenter(消息) */ = {
			isa = PBXGroup;
			children = (
				FD3ABC9D1BA7152500F17631 /* Controller */,
				FD3ABCA01BA7152500F17631 /* Model */,
				FD3ABCA11BA7152500F17631 /* View */,
			);
			path = "MessageCenter(消息)";
			sourceTree = "<group>";
		};
		FD3ABC9D1BA7152500F17631 /* Controller */ = {
			isa = PBXGroup;
			children = (
				FD3ABC9E1BA7152500F17631 /* BGMessageCenterViewController.h */,
				FD3ABC9F1BA7152500F17631 /* BGMessageCenterViewController.m */,
			);
			path = Controller;
			sourceTree = "<group>";
		};
		FD3ABCA01BA7152500F17631 /* Model */ = {
			isa = PBXGroup;
			children = (
			);
			path = Model;
			sourceTree = "<group>";
		};
		FD3ABCA11BA7152500F17631 /* View */ = {
			isa = PBXGroup;
			children = (
			);
			path = View;
			sourceTree = "<group>";
		};
		FD3ABCA21BA7152500F17631 /* Newfeature(新特性) */ = {
			isa = PBXGroup;
			children = (
				FD3ABCA31BA7152500F17631 /* Controller */,
				FD3ABCA41BA7152500F17631 /* Model */,
				FD3ABCA51BA7152500F17631 /* View */,
			);
			path = "Newfeature(新特性)";
			sourceTree = "<group>";
		};
		FD3ABCA31BA7152500F17631 /* Controller */ = {
			isa = PBXGroup;
			children = (
				FD8FE9361BAD90A10015102C /* BGNewfeatureViewController.h */,
				FD8FE9371BAD90A10015102C /* BGNewfeatureViewController.m */,
			);
			path = Controller;
			sourceTree = "<group>";
		};
		FD3ABCA41BA7152500F17631 /* Model */ = {
			isa = PBXGroup;
			children = (
			);
			path = Model;
			sourceTree = "<group>";
		};
		FD3ABCA51BA7152500F17631 /* View */ = {
			isa = PBXGroup;
			children = (
			);
			path = View;
			sourceTree = "<group>";
		};
		FD3ABCA61BA7152500F17631 /* Profile(我) */ = {
			isa = PBXGroup;
			children = (
				FD3ABCA71BA7152500F17631 /* Controller */,
				FD3ABCAA1BA7152500F17631 /* Model */,
				FD3ABCAB1BA7152500F17631 /* View */,
			);
			path = "Profile(我)";
			sourceTree = "<group>";
		};
		FD3ABCA71BA7152500F17631 /* Controller */ = {
			isa = PBXGroup;
			children = (
				FD3ABCA81BA7152500F17631 /* BGProfileViewController.h */,
				FD3ABCA91BA7152500F17631 /* BGProfileViewController.m */,
			);
			path = Controller;
			sourceTree = "<group>";
		};
		FD3ABCAA1BA7152500F17631 /* Model */ = {
			isa = PBXGroup;
			children = (
			);
			path = Model;
			sourceTree = "<group>";
		};
		FD3ABCAB1BA7152500F17631 /* View */ = {
			isa = PBXGroup;
			children = (
			);
			path = View;
			sourceTree = "<group>";
		};
		FD9EFAB81BA1E55700D712F3 = {
			isa = PBXGroup;
			children = (
				FD9EFAC31BA1E55700D712F3 /* BGWeiBo */,
				FD9EFADD1BA1E55800D712F3 /* BGWeiBoTests */,
				FD9EFAC21BA1E55700D712F3 /* Products */,
			);
			sourceTree = "<group>";
		};
		FD9EFAC21BA1E55700D712F3 /* Products */ = {
			isa = PBXGroup;
			children = (
				FD9EFAC11BA1E55700D712F3 /* BGWeiBo.app */,
				FD9EFADA1BA1E55800D712F3 /* BGWeiBoTests.xctest */,
			);
			name = Products;
			sourceTree = "<group>";
		};
		FD9EFAC31BA1E55700D712F3 /* BGWeiBo */ = {
			isa = PBXGroup;
			children = (
				FD9EFAEA1BA1E69700D712F3 /* Classes */,
				FD9EFAC41BA1E55700D712F3 /* Supporting Files */,
			);
			path = BGWeiBo;
			sourceTree = "<group>";
		};
		FD9EFAC41BA1E55700D712F3 /* Supporting Files */ = {
			isa = PBXGroup;
			children = (
				FD9EFAD11BA1E55800D712F3 /* Images.xcassets */,
				FD9EFAC51BA1E55700D712F3 /* Info.plist */,
				FD9EFAF01BA1E72500D712F3 /* BGWeiBo-Prefix.pch */,
			);
			name = "Supporting Files";
			sourceTree = "<group>";
		};
		FD9EFADD1BA1E55800D712F3 /* BGWeiBoTests */ = {
			isa = PBXGroup;
			children = (
				FD9EFAE01BA1E55800D712F3 /* BGWeiBoTests.m */,
				FD9EFADE1BA1E55800D712F3 /* Supporting Files */,
			);
			path = BGWeiBoTests;
			sourceTree = "<group>";
		};
		FD9EFADE1BA1E55800D712F3 /* Supporting Files */ = {
			isa = PBXGroup;
			children = (
				FD9EFADF1BA1E55800D712F3 /* Info.plist */,
			);
			name = "Supporting Files";
			sourceTree = "<group>";
		};
		FD9EFAEA1BA1E69700D712F3 /* Classes */ = {
			isa = PBXGroup;
			children = (
				FD3ABC841BA7152500F17631 /* Discover(发现) */,
				FD3ABC8A1BA7152500F17631 /* Home(首页) */,
				FD3ABC901BA7152500F17631 /* Main(主要) */,
				FD3ABC9C1BA7152500F17631 /* MessageCenter(消息) */,
				FD3ABCA21BA7152500F17631 /* Newfeature(新特性) */,
				FD3ABCA61BA7152500F17631 /* Profile(我) */,
			);
			path = Classes;
			sourceTree = "<group>";
		};
/* End PBXGroup section */

/* Begin PBXNativeTarget section */
		FD9EFAC01BA1E55700D712F3 /* BGWeiBo */ = {
			isa = PBXNativeTarget;
			buildConfigurationList = FD9EFAE41BA1E55800D712F3 /* Build configuration list for PBXNativeTarget "BGWeiBo" */;
			buildPhases = (
				FD9EFABD1BA1E55700D712F3 /* Sources */,
				FD9EFABE1BA1E55700D712F3 /* Frameworks */,
				FD9EFABF1BA1E55700D712F3 /* Resources */,
			);
			buildRules = (
			);
			dependencies = (
			);
			name = BGWeiBo;
			productName = BGWeiBo;
			productReference = FD9EFAC11BA1E55700D712F3 /* BGWeiBo.app */;
			productType = "com.apple.product-type.application";
		};
		FD9EFAD91BA1E55800D712F3 /* BGWeiBoTests */ = {
			isa = PBXNativeTarget;
			buildConfigurationList = FD9EFAE71BA1E55800D712F3 /* Build configuration list for PBXNativeTarget "BGWeiBoTests" */;
			buildPhases = (
				FD9EFAD61BA1E55800D712F3 /* Sources */,
				FD9EFAD71BA1E55800D712F3 /* Frameworks */,
				FD9EFAD81BA1E55800D712F3 /* Resources */,
			);
			buildRules = (
			);
			dependencies = (
				FD9EFADC1BA1E55800D712F3 /* PBXTargetDependency */,
			);
			name = BGWeiBoTests;
			productName = BGWeiBoTests;
			productReference = FD9EFADA1BA1E55800D712F3 /* BGWeiBoTests.xctest */;
			productType = "com.apple.product-type.bundle.unit-test";
		};
/* End PBXNativeTarget section */

/* Begin PBXProject section */
		FD9EFAB91BA1E55700D712F3 /* Project object */ = {
			isa = PBXProject;
			attributes = {
				CLASSPREFIX = BG;
				LastUpgradeCheck = 0640;
				ORGANIZATIONNAME = BG;
				TargetAttributes = {
					FD9EFAC01BA1E55700D712F3 = {
						CreatedOnToolsVersion = 6.4;
					};
					FD9EFAD91BA1E55800D712F3 = {
						CreatedOnToolsVersion = 6.4;
						TestTargetID = FD9EFAC01BA1E55700D712F3;
					};
				};
			};
			buildConfigurationList = FD9EFABC1BA1E55700D712F3 /* Build configuration list for PBXProject "BGWeiBo" */;
			compatibilityVersion = "Xcode 3.2";
			developmentRegion = English;
			hasScannedForEncodings = 0;
			knownRegions = (
				en,
				Base,
			);
			mainGroup = FD9EFAB81BA1E55700D712F3;
			productRefGroup = FD9EFAC21BA1E55700D712F3 /* Products */;
			projectDirPath = "";
			projectRoot = "";
			targets = (
				FD9EFAC01BA1E55700D712F3 /* BGWeiBo */,
				FD9EFAD91BA1E55800D712F3 /* BGWeiBoTests */,
			);
		};
/* End PBXProject section */

/* Begin PBXResourcesBuildPhase section */
		FD9EFABF1BA1E55700D712F3 /* Resources */ = {
			isa = PBXResourcesBuildPhase;
			buildActionMask = 2147483647;
			files = (
				FD9EFAD21BA1E55800D712F3 /* Images.xcassets in Resources */,
			);
			runOnlyForDeploymentPostprocessing = 0;
		};
		FD9EFAD81BA1E55800D712F3 /* Resources */ = {
			isa = PBXResourcesBuildPhase;
			buildActionMask = 2147483647;
			files = (
			);
			runOnlyForDeploymentPostprocessing = 0;
		};
/* End PBXResourcesBuildPhase section */

/* Begin PBXSourcesBuildPhase section */
		FD9EFABD1BA1E55700D712F3 /* Sources */ = {
			isa = PBXSourcesBuildPhase;
			buildActionMask = 2147483647;
			files = (
				FD896FE81BAC6EAD002C4B7C /* BGDropdownMenu.m in Sources */,
				FD3ABCB81BA7196C00F17631 /* UIView+Extension.m in Sources */,
				FD3ABCB51BA716FD00F17631 /* BGNavigationController.m in Sources */,
				FD3ABCB11BA7152500F17631 /* BGMessageCenterViewController.m in Sources */,
				FD3ABCB01BA7152500F17631 /* main.m in Sources */,
				FD896FEC1BAC7069002C4B7C /* BGTitleMenuViewController.m in Sources */,
				FD94CD561BA871400096736C /* BGSearchBar.m in Sources */,
				FD3ABCBB1BA71D2D00F17631 /* UIBarButtonItem+Extension.m in Sources */,
				FD3ABCB21BA7152500F17631 /* BGProfileViewController.m in Sources */,
				FD3ABCAF1BA7152500F17631 /* AppDelegate.m in Sources */,
				FD3ABCAD1BA7152500F17631 /* BGHomeViewController.m in Sources */,
				FD896FE91BAC6EAD002C4B7C /* BGTabBar.m in Sources */,
				FD3ABCAC1BA7152500F17631 /* BGDiscoverViewController.m in Sources */,
				FD8FE9381BAD90A10015102C /* BGNewfeatureViewController.m in Sources */,
				FD3ABCAE1BA7152500F17631 /* BGTabBarViewController.m in Sources */,
			);
			runOnlyForDeploymentPostprocessing = 0;
		};
		FD9EFAD61BA1E55800D712F3 /* Sources */ = {
			isa = PBXSourcesBuildPhase;
			buildActionMask = 2147483647;
			files = (
				FD9EFAE11BA1E55800D712F3 /* BGWeiBoTests.m in Sources */,
			);
			runOnlyForDeploymentPostprocessing = 0;
		};
/* End PBXSourcesBuildPhase section */

/* Begin PBXTargetDependency section */
		FD9EFADC1BA1E55800D712F3 /* PBXTargetDependency */ = {
			isa = PBXTargetDependency;
			target = FD9EFAC01BA1E55700D712F3 /* BGWeiBo */;
			targetProxy = FD9EFADB1BA1E55800D712F3 /* PBXContainerItemProxy */;
		};
/* End PBXTargetDependency section */

/* Begin XCBuildConfiguration section */
		FD9EFAE21BA1E55800D712F3 /* Debug */ = {
			isa = XCBuildConfiguration;
			buildSettings = {
				ALWAYS_SEARCH_USER_PATHS = NO;
				CLANG_CXX_LANGUAGE_STANDARD = "gnu++0x";
				CLANG_CXX_LIBRARY = "libc++";
				CLANG_ENABLE_MODULES = YES;
				CLANG_ENABLE_OBJC_ARC = YES;
				CLANG_WARN_BOOL_CONVERSION = YES;
				CLANG_WARN_CONSTANT_CONVERSION = YES;
				CLANG_WARN_DIRECT_OBJC_ISA_USAGE = YES_ERROR;
				CLANG_WARN_EMPTY_BODY = YES;
				CLANG_WARN_ENUM_CONVERSION = YES;
				CLANG_WARN_INT_CONVERSION = YES;
				CLANG_WARN_OBJC_ROOT_CLASS = YES_ERROR;
				CLANG_WARN_UNREACHABLE_CODE = YES;
				CLANG_WARN__DUPLICATE_METHOD_MATCH = YES;
				"CODE_SIGN_IDENTITY[sdk=iphoneos*]" = "iPhone Developer";
				COPY_PHASE_STRIP = NO;
				DEBUG_INFORMATION_FORMAT = "dwarf-with-dsym";
				ENABLE_STRICT_OBJC_MSGSEND = YES;
				GCC_C_LANGUAGE_STANDARD = gnu99;
				GCC_DYNAMIC_NO_PIC = NO;
				GCC_NO_COMMON_BLOCKS = YES;
				GCC_OPTIMIZATION_LEVEL = 0;
				GCC_PREFIX_HEADER = "$(SRCROOT)/BGWeiBo/BGWeiBo-Prefix.pch";
				GCC_PREPROCESSOR_DEFINITIONS = (
					"DEBUG=1",
					"$(inherited)",
				);
				GCC_SYMBOLS_PRIVATE_EXTERN = NO;
				GCC_WARN_64_TO_32_BIT_CONVERSION = YES;
				GCC_WARN_ABOUT_RETURN_TYPE = YES_ERROR;
				GCC_WARN_UNDECLARED_SELECTOR = YES;
				GCC_WARN_UNINITIALIZED_AUTOS = YES_AGGRESSIVE;
				GCC_WARN_UNUSED_FUNCTION = YES;
				GCC_WARN_UNUSED_VARIABLE = YES;
				IPHONEOS_DEPLOYMENT_TARGET = 8.4;
				MTL_ENABLE_DEBUG_INFO = YES;
				ONLY_ACTIVE_ARCH = YES;
				SDKROOT = iphoneos;
			};
			name = Debug;
		};
		FD9EFAE31BA1E55800D712F3 /* Release */ = {
			isa = XCBuildConfiguration;
			buildSettings = {
				ALWAYS_SEARCH_USER_PATHS = NO;
				CLANG_CXX_LANGUAGE_STANDARD = "gnu++0x";
				CLANG_CXX_LIBRARY = "libc++";
				CLANG_ENABLE_MODULES = YES;
				CLANG_ENABLE_OBJC_ARC = YES;
				CLANG_WARN_BOOL_CONVERSION = YES;
				CLANG_WARN_CONSTANT_CONVERSION = YES;
				CLANG_WARN_DIRECT_OBJC_ISA_USAGE = YES_ERROR;
				CLANG_WARN_EMPTY_BODY = YES;
				CLANG_WARN_ENUM_CONVERSION = YES;
				CLANG_WARN_INT_CONVERSION = YES;
				CLANG_WARN_OBJC_ROOT_CLASS = YES_ERROR;
				CLANG_WARN_UNREACHABLE_CODE = YES;
				CLANG_WARN__DUPLICATE_METHOD_MATCH = YES;
				"CODE_SIGN_IDENTITY[sdk=iphoneos*]" = "iPhone Developer";
				COPY_PHASE_STRIP = NO;
				DEBUG_INFORMATION_FORMAT = "dwarf-with-dsym";
				ENABLE_NS_ASSERTIONS = NO;
				ENABLE_STRICT_OBJC_MSGSEND = YES;
				GCC_C_LANGUAGE_STANDARD = gnu99;
				GCC_NO_COMMON_BLOCKS = YES;
				GCC_PREFIX_HEADER = "$(SRCROOT)/BGWeiBo/BGWeiBo-Prefix.pch";
				GCC_WARN_64_TO_32_BIT_CONVERSION = YES;
				GCC_WARN_ABOUT_RETURN_TYPE = YES_ERROR;
				GCC_WARN_UNDECLARED_SELECTOR = YES;
				GCC_WARN_UNINITIALIZED_AUTOS = YES_AGGRESSIVE;
				GCC_WARN_UNUSED_FUNCTION = YES;
				GCC_WARN_UNUSED_VARIABLE = YES;
				IPHONEOS_DEPLOYMENT_TARGET = 8.4;
				MTL_ENABLE_DEBUG_INFO = NO;
				SDKROOT = iphoneos;
				VALIDATE_PRODUCT = YES;
			};
			name = Release;
		};
		FD9EFAE51BA1E55800D712F3 /* Debug */ = {
			isa = XCBuildConfiguration;
			buildSettings = {
				ASSETCATALOG_COMPILER_APPICON_NAME = AppIcon;
				INFOPLIST_FILE = BGWeiBo/Info.plist;
				LD_RUNPATH_SEARCH_PATHS = "$(inherited) @executable_path/Frameworks";
				PRODUCT_NAME = "$(TARGET_NAME)";
			};
			name = Debug;
		};
		FD9EFAE61BA1E55800D712F3 /* Release */ = {
			isa = XCBuildConfiguration;
			buildSettings = {
				ASSETCATALOG_COMPILER_APPICON_NAME = AppIcon;
				INFOPLIST_FILE = BGWeiBo/Info.plist;
				LD_RUNPATH_SEARCH_PATHS = "$(inherited) @executable_path/Frameworks";
				PRODUCT_NAME = "$(TARGET_NAME)";
			};
			name = Release;
		};
		FD9EFAE81BA1E55800D712F3 /* Debug */ = {
			isa = XCBuildConfiguration;
			buildSettings = {
				BUNDLE_LOADER = "$(TEST_HOST)";
				FRAMEWORK_SEARCH_PATHS = (
					"$(SDKROOT)/Developer/Library/Frameworks",
					"$(inherited)",
				);
				GCC_PREPROCESSOR_DEFINITIONS = (
					"DEBUG=1",
					"$(inherited)",
				);
				INFOPLIST_FILE = BGWeiBoTests/Info.plist;
				LD_RUNPATH_SEARCH_PATHS = "$(inherited) @executable_path/Frameworks @loader_path/Frameworks";
				PRODUCT_NAME = "$(TARGET_NAME)";
				TEST_HOST = "$(BUILT_PRODUCTS_DIR)/BGWeiBo.app/BGWeiBo";
			};
			name = Debug;
		};
		FD9EFAE91BA1E55800D712F3 /* Release */ = {
			isa = XCBuildConfiguration;
			buildSettings = {
				BUNDLE_LOADER = "$(TEST_HOST)";
				FRAMEWORK_SEARCH_PATHS = (
					"$(SDKROOT)/Developer/Library/Frameworks",
					"$(inherited)",
				);
				INFOPLIST_FILE = BGWeiBoTests/Info.plist;
				LD_RUNPATH_SEARCH_PATHS = "$(inherited) @executable_path/Frameworks @loader_path/Frameworks";
				PRODUCT_NAME = "$(TARGET_NAME)";
				TEST_HOST = "$(BUILT_PRODUCTS_DIR)/BGWeiBo.app/BGWeiBo";
			};
			name = Release;
		};
/* End XCBuildConfiguration section */

/* Begin XCConfigurationList section */
		FD9EFABC1BA1E55700D712F3 /* Build configuration list for PBXProject "BGWeiBo" */ = {
			isa = XCConfigurationList;
			buildConfigurations = (
				FD9EFAE21BA1E55800D712F3 /* Debug */,
				FD9EFAE31BA1E55800D712F3 /* Release */,
			);
			defaultConfigurationIsVisible = 0;
			defaultConfigurationName = Release;
		};
		FD9EFAE41BA1E55800D712F3 /* Build configuration list for PBXNativeTarget "BGWeiBo" */ = {
			isa = XCConfigurationList;
			buildConfigurations = (
				FD9EFAE51BA1E55800D712F3 /* Debug */,
				FD9EFAE61BA1E55800D712F3 /* Release */,
			);
			defaultConfigurationIsVisible = 0;
			defaultConfigurationName = Release;
		};
		FD9EFAE71BA1E55800D712F3 /* Build configuration list for PBXNativeTarget "BGWeiBoTests" */ = {
			isa = XCConfigurationList;
			buildConfigurations = (
				FD9EFAE81BA1E55800D712F3 /* Debug */,
				FD9EFAE91BA1E55800D712F3 /* Release */,
			);
			defaultConfigurationIsVisible = 0;
			defaultConfigurationName = Release;
		};
/* End XCConfigurationList section */
	};
	rootObject = FD9EFAB91BA1E55700D712F3 /* Project object */;
}
