// !$*UTF8*$!
{
	archiveVersion = 1;
	classes = {
	};
	objectVersion = 46;
	objects = {

/* Begin PBXBuildFile section */
		FD02B9601BDF52650071F49A /* BGEmotionListView.m in Sources */ = {isa = PBXBuildFile; fileRef = FD02B95F1BDF52650071F49A /* BGEmotionListView.m */; settings = {ASSET_TAGS = (); }; };
		FD02B9631BDF52AB0071F49A /* BGEmotion.m in Sources */ = {isa = PBXBuildFile; fileRef = FD02B9621BDF52AB0071F49A /* BGEmotion.m */; settings = {ASSET_TAGS = (); }; };
		FD02B9661BDF54210071F49A /* BGEmotionPageView.m in Sources */ = {isa = PBXBuildFile; fileRef = FD02B9651BDF54210071F49A /* BGEmotionPageView.m */; settings = {ASSET_TAGS = (); }; };
		FD11ED611BAF06A000F33D52 /* MBProgressHUD+MJ.m in Sources */ = {isa = PBXBuildFile; fileRef = FD11ED5D1BAF06A000F33D52 /* MBProgressHUD+MJ.m */; settings = {ASSET_TAGS = (); }; };
		FD11ED621BAF06A000F33D52 /* MBProgressHUD.bundle in Resources */ = {isa = PBXBuildFile; fileRef = FD11ED5E1BAF06A000F33D52 /* MBProgressHUD.bundle */; settings = {ASSET_TAGS = (); }; };
		FD11ED631BAF06A000F33D52 /* MBProgressHUD.m in Sources */ = {isa = PBXBuildFile; fileRef = FD11ED601BAF06A000F33D52 /* MBProgressHUD.m */; settings = {ASSET_TAGS = (); }; };
		FD1656FC1BB2DA4900282A60 /* MKAnnotationView+WebCache.m in Sources */ = {isa = PBXBuildFile; fileRef = FD1656DC1BB2DA4900282A60 /* MKAnnotationView+WebCache.m */; settings = {ASSET_TAGS = (); }; };
		FD1656FD1BB2DA4900282A60 /* NSData+ImageContentType.m in Sources */ = {isa = PBXBuildFile; fileRef = FD1656DE1BB2DA4900282A60 /* NSData+ImageContentType.m */; settings = {ASSET_TAGS = (); }; };
		FD1656FE1BB2DA4900282A60 /* SDImageCache.m in Sources */ = {isa = PBXBuildFile; fileRef = FD1656E01BB2DA4900282A60 /* SDImageCache.m */; settings = {ASSET_TAGS = (); }; };
		FD1656FF1BB2DA4900282A60 /* SDWebImageCompat.m in Sources */ = {isa = PBXBuildFile; fileRef = FD1656E21BB2DA4900282A60 /* SDWebImageCompat.m */; settings = {ASSET_TAGS = (); }; };
		FD1657001BB2DA4900282A60 /* SDWebImageDecoder.m in Sources */ = {isa = PBXBuildFile; fileRef = FD1656E41BB2DA4900282A60 /* SDWebImageDecoder.m */; settings = {ASSET_TAGS = (); }; };
		FD1657011BB2DA4900282A60 /* SDWebImageDownloader.m in Sources */ = {isa = PBXBuildFile; fileRef = FD1656E61BB2DA4900282A60 /* SDWebImageDownloader.m */; settings = {ASSET_TAGS = (); }; };
		FD1657021BB2DA4900282A60 /* SDWebImageDownloaderOperation.m in Sources */ = {isa = PBXBuildFile; fileRef = FD1656E81BB2DA4900282A60 /* SDWebImageDownloaderOperation.m */; settings = {ASSET_TAGS = (); }; };
		FD1657031BB2DA4900282A60 /* SDWebImageManager.m in Sources */ = {isa = PBXBuildFile; fileRef = FD1656EA1BB2DA4900282A60 /* SDWebImageManager.m */; settings = {ASSET_TAGS = (); }; };
		FD1657041BB2DA4900282A60 /* SDWebImagePrefetcher.m in Sources */ = {isa = PBXBuildFile; fileRef = FD1656ED1BB2DA4900282A60 /* SDWebImagePrefetcher.m */; settings = {ASSET_TAGS = (); }; };
		FD1657051BB2DA4900282A60 /* UIButton+WebCache.m in Sources */ = {isa = PBXBuildFile; fileRef = FD1656EF1BB2DA4900282A60 /* UIButton+WebCache.m */; settings = {ASSET_TAGS = (); }; };
		FD1657061BB2DA4900282A60 /* UIImage+GIF.m in Sources */ = {isa = PBXBuildFile; fileRef = FD1656F11BB2DA4900282A60 /* UIImage+GIF.m */; settings = {ASSET_TAGS = (); }; };
		FD1657071BB2DA4900282A60 /* UIImage+MultiFormat.m in Sources */ = {isa = PBXBuildFile; fileRef = FD1656F31BB2DA4900282A60 /* UIImage+MultiFormat.m */; settings = {ASSET_TAGS = (); }; };
		FD1657081BB2DA4900282A60 /* UIImage+WebP.m in Sources */ = {isa = PBXBuildFile; fileRef = FD1656F51BB2DA4900282A60 /* UIImage+WebP.m */; settings = {ASSET_TAGS = (); }; };
		FD1657091BB2DA4900282A60 /* UIImageView+HighlightedWebCache.m in Sources */ = {isa = PBXBuildFile; fileRef = FD1656F71BB2DA4900282A60 /* UIImageView+HighlightedWebCache.m */; settings = {ASSET_TAGS = (); }; };
		FD16570A1BB2DA4900282A60 /* UIImageView+WebCache.m in Sources */ = {isa = PBXBuildFile; fileRef = FD1656F91BB2DA4900282A60 /* UIImageView+WebCache.m */; settings = {ASSET_TAGS = (); }; };
		FD16570B1BB2DA4900282A60 /* UIView+WebCacheOperation.m in Sources */ = {isa = PBXBuildFile; fileRef = FD1656FB1BB2DA4900282A60 /* UIView+WebCacheOperation.m */; settings = {ASSET_TAGS = (); }; };
		FD16570E1BB2E08500282A60 /* BGUser.m in Sources */ = {isa = PBXBuildFile; fileRef = FD16570D1BB2E08500282A60 /* BGUser.m */; settings = {ASSET_TAGS = (); }; };
		FD1657111BB2E09E00282A60 /* BGStatus.m in Sources */ = {isa = PBXBuildFile; fileRef = FD1657101BB2E09D00282A60 /* BGStatus.m */; settings = {ASSET_TAGS = (); }; };
		FD16573F1BB2EF9000282A60 /* MJRefreshAutoFooter.m in Sources */ = {isa = PBXBuildFile; fileRef = FD1657151BB2EF9000282A60 /* MJRefreshAutoFooter.m */; settings = {ASSET_TAGS = (); }; };
		FD1657401BB2EF9000282A60 /* MJRefreshBackFooter.m in Sources */ = {isa = PBXBuildFile; fileRef = FD1657171BB2EF9000282A60 /* MJRefreshBackFooter.m */; settings = {ASSET_TAGS = (); }; };
		FD1657411BB2EF9000282A60 /* MJRefreshComponent.m in Sources */ = {isa = PBXBuildFile; fileRef = FD1657191BB2EF9000282A60 /* MJRefreshComponent.m */; settings = {ASSET_TAGS = (); }; };
		FD1657421BB2EF9000282A60 /* MJRefreshFooter.m in Sources */ = {isa = PBXBuildFile; fileRef = FD16571B1BB2EF9000282A60 /* MJRefreshFooter.m */; settings = {ASSET_TAGS = (); }; };
		FD1657431BB2EF9000282A60 /* MJRefreshHeader.m in Sources */ = {isa = PBXBuildFile; fileRef = FD16571D1BB2EF9000282A60 /* MJRefreshHeader.m */; settings = {ASSET_TAGS = (); }; };
		FD1657441BB2EF9000282A60 /* MJRefreshAutoGifFooter.m in Sources */ = {isa = PBXBuildFile; fileRef = FD1657221BB2EF9000282A60 /* MJRefreshAutoGifFooter.m */; settings = {ASSET_TAGS = (); }; };
		FD1657451BB2EF9000282A60 /* MJRefreshAutoNormalFooter.m in Sources */ = {isa = PBXBuildFile; fileRef = FD1657241BB2EF9000282A60 /* MJRefreshAutoNormalFooter.m */; settings = {ASSET_TAGS = (); }; };
		FD1657461BB2EF9000282A60 /* MJRefreshAutoStateFooter.m in Sources */ = {isa = PBXBuildFile; fileRef = FD1657261BB2EF9000282A60 /* MJRefreshAutoStateFooter.m */; settings = {ASSET_TAGS = (); }; };
		FD1657471BB2EF9000282A60 /* MJRefreshBackGifFooter.m in Sources */ = {isa = PBXBuildFile; fileRef = FD1657291BB2EF9000282A60 /* MJRefreshBackGifFooter.m */; settings = {ASSET_TAGS = (); }; };
		FD1657481BB2EF9000282A60 /* MJRefreshBackNormalFooter.m in Sources */ = {isa = PBXBuildFile; fileRef = FD16572B1BB2EF9000282A60 /* MJRefreshBackNormalFooter.m */; settings = {ASSET_TAGS = (); }; };
		FD1657491BB2EF9000282A60 /* MJRefreshBackStateFooter.m in Sources */ = {isa = PBXBuildFile; fileRef = FD16572D1BB2EF9000282A60 /* MJRefreshBackStateFooter.m */; settings = {ASSET_TAGS = (); }; };
		FD16574A1BB2EF9000282A60 /* MJRefreshGifHeader.m in Sources */ = {isa = PBXBuildFile; fileRef = FD1657301BB2EF9000282A60 /* MJRefreshGifHeader.m */; settings = {ASSET_TAGS = (); }; };
		FD16574B1BB2EF9000282A60 /* MJRefreshNormalHeader.m in Sources */ = {isa = PBXBuildFile; fileRef = FD1657321BB2EF9000282A60 /* MJRefreshNormalHeader.m */; settings = {ASSET_TAGS = (); }; };
		FD16574C1BB2EF9000282A60 /* MJRefreshStateHeader.m in Sources */ = {isa = PBXBuildFile; fileRef = FD1657341BB2EF9000282A60 /* MJRefreshStateHeader.m */; settings = {ASSET_TAGS = (); }; };
		FD16574D1BB2EF9000282A60 /* MJRefresh.bundle in Resources */ = {isa = PBXBuildFile; fileRef = FD1657351BB2EF9000282A60 /* MJRefresh.bundle */; settings = {ASSET_TAGS = (); }; };
		FD16574E1BB2EF9000282A60 /* MJRefreshConst.m in Sources */ = {isa = PBXBuildFile; fileRef = FD1657381BB2EF9000282A60 /* MJRefreshConst.m */; settings = {ASSET_TAGS = (); }; };
		FD16574F1BB2EF9000282A60 /* UIScrollView+MJExtension.m in Sources */ = {isa = PBXBuildFile; fileRef = FD16573A1BB2EF9000282A60 /* UIScrollView+MJExtension.m */; settings = {ASSET_TAGS = (); }; };
		FD1657501BB2EF9000282A60 /* UIScrollView+MJRefresh.m in Sources */ = {isa = PBXBuildFile; fileRef = FD16573C1BB2EF9000282A60 /* UIScrollView+MJRefresh.m */; settings = {ASSET_TAGS = (); }; };
		FD1657511BB2EF9000282A60 /* UIView+MJExtension.m in Sources */ = {isa = PBXBuildFile; fileRef = FD16573E1BB2EF9000282A60 /* UIView+MJExtension.m */; settings = {ASSET_TAGS = (); }; };
		FD1C11AA1BD5F0F700B3219E /* BGComposeViewController.m in Sources */ = {isa = PBXBuildFile; fileRef = FD1C11A91BD5F0F700B3219E /* BGComposeViewController.m */; settings = {ASSET_TAGS = (); }; };
		FD1C11AD1BD5F13C00B3219E /* BGTextView.m in Sources */ = {isa = PBXBuildFile; fileRef = FD1C11AC1BD5F13C00B3219E /* BGTextView.m */; settings = {ASSET_TAGS = (); }; };
		FD1C11B01BD604F000B3219E /* BGComposePhotosView.m in Sources */ = {isa = PBXBuildFile; fileRef = FD1C11AF1BD604F000B3219E /* BGComposePhotosView.m */; settings = {ASSET_TAGS = (); }; };
		FD1C11B31BD6059000B3219E /* BGComposeToolbar.m in Sources */ = {isa = PBXBuildFile; fileRef = FD1C11B21BD6059000B3219E /* BGComposeToolbar.m */; settings = {ASSET_TAGS = (); }; };
		FD1C11B61BD6139E00B3219E /* BGEmotionKeyboard.m in Sources */ = {isa = PBXBuildFile; fileRef = FD1C11B51BD6139E00B3219E /* BGEmotionKeyboard.m */; settings = {ASSET_TAGS = (); }; };
		FD3ABCAC1BA7152500F17631 /* BGDiscoverViewController.m in Sources */ = {isa = PBXBuildFile; fileRef = FD3ABC871BA7152500F17631 /* BGDiscoverViewController.m */; };
		FD3ABCAD1BA7152500F17631 /* BGHomeViewController.m in Sources */ = {isa = PBXBuildFile; fileRef = FD3ABC8D1BA7152500F17631 /* BGHomeViewController.m */; };
		FD3ABCAE1BA7152500F17631 /* BGTabBarViewController.m in Sources */ = {isa = PBXBuildFile; fileRef = FD3ABC941BA7152500F17631 /* BGTabBarViewController.m */; };
		FD3ABCAF1BA7152500F17631 /* AppDelegate.m in Sources */ = {isa = PBXBuildFile; fileRef = FD3ABC991BA7152500F17631 /* AppDelegate.m */; };
		FD3ABCB01BA7152500F17631 /* main.m in Sources */ = {isa = PBXBuildFile; fileRef = FD3ABC9A1BA7152500F17631 /* main.m */; };
		FD3ABCB11BA7152500F17631 /* BGMessageCenterViewController.m in Sources */ = {isa = PBXBuildFile; fileRef = FD3ABC9F1BA7152500F17631 /* BGMessageCenterViewController.m */; };
		FD3ABCB21BA7152500F17631 /* BGProfileViewController.m in Sources */ = {isa = PBXBuildFile; fileRef = FD3ABCA91BA7152500F17631 /* BGProfileViewController.m */; };
		FD3ABCB51BA716FD00F17631 /* BGNavigationController.m in Sources */ = {isa = PBXBuildFile; fileRef = FD3ABCB41BA716FD00F17631 /* BGNavigationController.m */; };
		FD3ABCB81BA7196C00F17631 /* UIView+Extension.m in Sources */ = {isa = PBXBuildFile; fileRef = FD3ABCB71BA7196C00F17631 /* UIView+Extension.m */; };
		FD3ABCBB1BA71D2D00F17631 /* UIBarButtonItem+Extension.m in Sources */ = {isa = PBXBuildFile; fileRef = FD3ABCBA1BA71D2D00F17631 /* UIBarButtonItem+Extension.m */; };
		FD5D0F3A1BB1A086009CBCAD /* MJDictionaryCache.m in Sources */ = {isa = PBXBuildFile; fileRef = FD5D0F241BB1A086009CBCAD /* MJDictionaryCache.m */; settings = {ASSET_TAGS = (); }; };
		FD5D0F3B1BB1A086009CBCAD /* MJExtensionConst.m in Sources */ = {isa = PBXBuildFile; fileRef = FD5D0F271BB1A086009CBCAD /* MJExtensionConst.m */; settings = {ASSET_TAGS = (); }; };
		FD5D0F3C1BB1A086009CBCAD /* MJFoundation.m in Sources */ = {isa = PBXBuildFile; fileRef = FD5D0F291BB1A086009CBCAD /* MJFoundation.m */; settings = {ASSET_TAGS = (); }; };
		FD5D0F3D1BB1A086009CBCAD /* MJProperty.m in Sources */ = {isa = PBXBuildFile; fileRef = FD5D0F2B1BB1A086009CBCAD /* MJProperty.m */; settings = {ASSET_TAGS = (); }; };
		FD5D0F3E1BB1A086009CBCAD /* MJPropertyKey.m in Sources */ = {isa = PBXBuildFile; fileRef = FD5D0F2D1BB1A086009CBCAD /* MJPropertyKey.m */; settings = {ASSET_TAGS = (); }; };
		FD5D0F3F1BB1A086009CBCAD /* MJPropertyType.m in Sources */ = {isa = PBXBuildFile; fileRef = FD5D0F2F1BB1A086009CBCAD /* MJPropertyType.m */; settings = {ASSET_TAGS = (); }; };
		FD5D0F401BB1A086009CBCAD /* NSObject+MJClass.m in Sources */ = {isa = PBXBuildFile; fileRef = FD5D0F311BB1A086009CBCAD /* NSObject+MJClass.m */; settings = {ASSET_TAGS = (); }; };
		FD5D0F411BB1A086009CBCAD /* NSObject+MJCoding.m in Sources */ = {isa = PBXBuildFile; fileRef = FD5D0F331BB1A086009CBCAD /* NSObject+MJCoding.m */; settings = {ASSET_TAGS = (); }; };
		FD5D0F421BB1A086009CBCAD /* NSObject+MJKeyValue.m in Sources */ = {isa = PBXBuildFile; fileRef = FD5D0F351BB1A086009CBCAD /* NSObject+MJKeyValue.m */; settings = {ASSET_TAGS = (); }; };
		FD5D0F431BB1A086009CBCAD /* NSObject+MJProperty.m in Sources */ = {isa = PBXBuildFile; fileRef = FD5D0F371BB1A086009CBCAD /* NSObject+MJProperty.m */; settings = {ASSET_TAGS = (); }; };
		FD5D0F441BB1A086009CBCAD /* NSString+MJExtension.m in Sources */ = {isa = PBXBuildFile; fileRef = FD5D0F391BB1A086009CBCAD /* NSString+MJExtension.m */; settings = {ASSET_TAGS = (); }; };
		FD5D0F471BB1A70A009CBCAD /* NSDate+Extension.m in Sources */ = {isa = PBXBuildFile; fileRef = FD5D0F461BB1A70A009CBCAD /* NSDate+Extension.m */; settings = {ASSET_TAGS = (); }; };
		FD5D0F4A1BB1B72B009CBCAD /* BGTitleButton.m in Sources */ = {isa = PBXBuildFile; fileRef = FD5D0F491BB1B72A009CBCAD /* BGTitleButton.m */; settings = {ASSET_TAGS = (); }; };
		FD69858F1BB6B1E800295E77 /* BGLoadMoreFooter.m in Sources */ = {isa = PBXBuildFile; fileRef = FD69858D1BB6B1E800295E77 /* BGLoadMoreFooter.m */; settings = {ASSET_TAGS = (); }; };
		FD6985901BB6B1E800295E77 /* BGLoadMoreFooter.xib in Resources */ = {isa = PBXBuildFile; fileRef = FD69858E1BB6B1E800295E77 /* BGLoadMoreFooter.xib */; settings = {ASSET_TAGS = (); }; };
		FD8199361BBAEAA30065C039 /* BGBadgeButton.m in Sources */ = {isa = PBXBuildFile; fileRef = FD8199351BBAEAA30065C039 /* BGBadgeButton.m */; settings = {ASSET_TAGS = (); }; };
		FD830AEF1BB18913001F062C /* BGAccountTool.m in Sources */ = {isa = PBXBuildFile; fileRef = FD830AEE1BB18913001F062C /* BGAccountTool.m */; settings = {ASSET_TAGS = (); }; };
		FD830AF21BB19458001F062C /* UIWindow+Extension.m in Sources */ = {isa = PBXBuildFile; fileRef = FD830AF11BB19458001F062C /* UIWindow+Extension.m */; settings = {ASSET_TAGS = (); }; };
		FD896FE81BAC6EAD002C4B7C /* BGDropdownMenu.m in Sources */ = {isa = PBXBuildFile; fileRef = FD896FE51BAC6EAD002C4B7C /* BGDropdownMenu.m */; settings = {ASSET_TAGS = (); }; };
		FD896FE91BAC6EAD002C4B7C /* BGTabBar.m in Sources */ = {isa = PBXBuildFile; fileRef = FD896FE71BAC6EAD002C4B7C /* BGTabBar.m */; settings = {ASSET_TAGS = (); }; };
		FD896FEC1BAC7069002C4B7C /* BGTitleMenuViewController.m in Sources */ = {isa = PBXBuildFile; fileRef = FD896FEB1BAC7069002C4B7C /* BGTitleMenuViewController.m */; settings = {ASSET_TAGS = (); }; };
		FD8FE9381BAD90A10015102C /* BGNewfeatureViewController.m in Sources */ = {isa = PBXBuildFile; fileRef = FD8FE9371BAD90A10015102C /* BGNewfeatureViewController.m */; settings = {ASSET_TAGS = (); }; };
		FD94CD561BA871400096736C /* BGSearchBar.m in Sources */ = {isa = PBXBuildFile; fileRef = FD94CD551BA871400096736C /* BGSearchBar.m */; };
		FD9EFAD21BA1E55800D712F3 /* Images.xcassets in Resources */ = {isa = PBXBuildFile; fileRef = FD9EFAD11BA1E55800D712F3 /* Images.xcassets */; };
		FD9EFAE11BA1E55800D712F3 /* BGWeiBoTests.m in Sources */ = {isa = PBXBuildFile; fileRef = FD9EFAE01BA1E55800D712F3 /* BGWeiBoTests.m */; };
		FDB40BD21BAE78E4003A1356 /* BGOAuthViewController.m in Sources */ = {isa = PBXBuildFile; fileRef = FDB40BD11BAE78E4003A1356 /* BGOAuthViewController.m */; settings = {ASSET_TAGS = (); }; };
		FDB40BE71BAE7B42003A1356 /* AFHTTPRequestOperation.m in Sources */ = {isa = PBXBuildFile; fileRef = FDB40BD51BAE7B42003A1356 /* AFHTTPRequestOperation.m */; settings = {ASSET_TAGS = (); }; };
		FDB40BE81BAE7B42003A1356 /* AFHTTPRequestOperationManager.m in Sources */ = {isa = PBXBuildFile; fileRef = FDB40BD71BAE7B42003A1356 /* AFHTTPRequestOperationManager.m */; settings = {ASSET_TAGS = (); }; };
		FDB40BE91BAE7B42003A1356 /* AFHTTPSessionManager.m in Sources */ = {isa = PBXBuildFile; fileRef = FDB40BD91BAE7B42003A1356 /* AFHTTPSessionManager.m */; settings = {ASSET_TAGS = (); }; };
		FDB40BEA1BAE7B42003A1356 /* AFNetworkReachabilityManager.m in Sources */ = {isa = PBXBuildFile; fileRef = FDB40BDC1BAE7B42003A1356 /* AFNetworkReachabilityManager.m */; settings = {ASSET_TAGS = (); }; };
		FDB40BEB1BAE7B42003A1356 /* AFSecurityPolicy.m in Sources */ = {isa = PBXBuildFile; fileRef = FDB40BDE1BAE7B42003A1356 /* AFSecurityPolicy.m */; settings = {ASSET_TAGS = (); }; };
		FDB40BEC1BAE7B42003A1356 /* AFURLConnectionOperation.m in Sources */ = {isa = PBXBuildFile; fileRef = FDB40BE01BAE7B42003A1356 /* AFURLConnectionOperation.m */; settings = {ASSET_TAGS = (); }; };
		FDB40BED1BAE7B42003A1356 /* AFURLRequestSerialization.m in Sources */ = {isa = PBXBuildFile; fileRef = FDB40BE21BAE7B42003A1356 /* AFURLRequestSerialization.m */; settings = {ASSET_TAGS = (); }; };
		FDB40BEE1BAE7B42003A1356 /* AFURLResponseSerialization.m in Sources */ = {isa = PBXBuildFile; fileRef = FDB40BE41BAE7B42003A1356 /* AFURLResponseSerialization.m */; settings = {ASSET_TAGS = (); }; };
		FDB40BEF1BAE7B42003A1356 /* AFURLSessionManager.m in Sources */ = {isa = PBXBuildFile; fileRef = FDB40BE61BAE7B42003A1356 /* AFURLSessionManager.m */; settings = {ASSET_TAGS = (); }; };
		FDC5F39B1BC6B38E00E46F43 /* BGStatusFrame.m in Sources */ = {isa = PBXBuildFile; fileRef = FDC5F39A1BC6B38E00E46F43 /* BGStatusFrame.m */; settings = {ASSET_TAGS = (); }; };
		FDC5F39E1BC6B69000E46F43 /* BGPhoto.m in Sources */ = {isa = PBXBuildFile; fileRef = FDC5F39D1BC6B69000E46F43 /* BGPhoto.m */; settings = {ASSET_TAGS = (); }; };
		FDC5F3A11BC6B81F00E46F43 /* NSString+Extension.m in Sources */ = {isa = PBXBuildFile; fileRef = FDC5F3A01BC6B81F00E46F43 /* NSString+Extension.m */; settings = {ASSET_TAGS = (); }; };
		FDC5F3A41BC6BA1D00E46F43 /* BGStatusCell.m in Sources */ = {isa = PBXBuildFile; fileRef = FDC5F3A31BC6BA1D00E46F43 /* BGStatusCell.m */; settings = {ASSET_TAGS = (); }; };
		FDC5F3A71BC6C2BE00E46F43 /* BGStatusToolbar.m in Sources */ = {isa = PBXBuildFile; fileRef = FDC5F3A61BC6C2BE00E46F43 /* BGStatusToolbar.m */; settings = {ASSET_TAGS = (); }; };
		FDC5F3AA1BC6C50800E46F43 /* BGStatusPhotoView.m in Sources */ = {isa = PBXBuildFile; fileRef = FDC5F3A91BC6C50800E46F43 /* BGStatusPhotoView.m */; settings = {ASSET_TAGS = (); }; };
		FDC5F3AD1BC6C64400E46F43 /* BGStatusPhotosView.m in Sources */ = {isa = PBXBuildFile; fileRef = FDC5F3AC1BC6C64400E46F43 /* BGStatusPhotosView.m */; settings = {ASSET_TAGS = (); }; };
		FDC5F3B01BC6C8E800E46F43 /* BGIconView.m in Sources */ = {isa = PBXBuildFile; fileRef = FDC5F3AF1BC6C8E800E46F43 /* BGIconView.m */; settings = {ASSET_TAGS = (); }; };
		FDC9F3021BAEEFD90060BB8C /* BGAccount.m in Sources */ = {isa = PBXBuildFile; fileRef = FDC9F3011BAEEFD90060BB8C /* BGAccount.m */; settings = {ASSET_TAGS = (); }; };
		FDE4BADD1BCD5F9100CB983C /* Default-568h@2x.png in Resources */ = {isa = PBXBuildFile; fileRef = FDE4BADC1BCD5F9100CB983C /* Default-568h@2x.png */; settings = {ASSET_TAGS = (); }; };
/* End PBXBuildFile section */

/* Begin PBXContainerItemProxy section */
		FD9EFADB1BA1E55800D712F3 /* PBXContainerItemProxy */ = {
			isa = PBXContainerItemProxy;
			containerPortal = FD9EFAB91BA1E55700D712F3 /* Project object */;
			proxyType = 1;
			remoteGlobalIDString = FD9EFAC01BA1E55700D712F3;
			remoteInfo = BGWeiBo;
		};
/* End PBXContainerItemProxy section */

/* Begin PBXFileReference section */
		FD02B95E1BDF52650071F49A /* BGEmotionListView.h */ = {isa = PBXFileReference; fileEncoding = 4; lastKnownFileType = sourcecode.c.h; path = BGEmotionListView.h; sourceTree = "<group>"; };
		FD02B95F1BDF52650071F49A /* BGEmotionListView.m */ = {isa = PBXFileReference; fileEncoding = 4; lastKnownFileType = sourcecode.c.objc; path = BGEmotionListView.m; sourceTree = "<group>"; };
		FD02B9611BDF52AB0071F49A /* BGEmotion.h */ = {isa = PBXFileReference; fileEncoding = 4; lastKnownFileType = sourcecode.c.h; path = BGEmotion.h; sourceTree = "<group>"; };
		FD02B9621BDF52AB0071F49A /* BGEmotion.m */ = {isa = PBXFileReference; fileEncoding = 4; lastKnownFileType = sourcecode.c.objc; path = BGEmotion.m; sourceTree = "<group>"; };
		FD02B9641BDF54210071F49A /* BGEmotionPageView.h */ = {isa = PBXFileReference; fileEncoding = 4; lastKnownFileType = sourcecode.c.h; path = BGEmotionPageView.h; sourceTree = "<group>"; };
		FD02B9651BDF54210071F49A /* BGEmotionPageView.m */ = {isa = PBXFileReference; fileEncoding = 4; lastKnownFileType = sourcecode.c.objc; path = BGEmotionPageView.m; sourceTree = "<group>"; };
		FD11ED5C1BAF06A000F33D52 /* MBProgressHUD+MJ.h */ = {isa = PBXFileReference; fileEncoding = 4; lastKnownFileType = sourcecode.c.h; path = "MBProgressHUD+MJ.h"; sourceTree = "<group>"; };
		FD11ED5D1BAF06A000F33D52 /* MBProgressHUD+MJ.m */ = {isa = PBXFileReference; fileEncoding = 4; lastKnownFileType = sourcecode.c.objc; path = "MBProgressHUD+MJ.m"; sourceTree = "<group>"; };
		FD11ED5E1BAF06A000F33D52 /* MBProgressHUD.bundle */ = {isa = PBXFileReference; lastKnownFileType = "wrapper.plug-in"; path = MBProgressHUD.bundle; sourceTree = "<group>"; };
		FD11ED5F1BAF06A000F33D52 /* MBProgressHUD.h */ = {isa = PBXFileReference; fileEncoding = 4; lastKnownFileType = sourcecode.c.h; path = MBProgressHUD.h; sourceTree = "<group>"; };
		FD11ED601BAF06A000F33D52 /* MBProgressHUD.m */ = {isa = PBXFileReference; fileEncoding = 4; lastKnownFileType = sourcecode.c.objc; path = MBProgressHUD.m; sourceTree = "<group>"; };
		FD1656DB1BB2DA4900282A60 /* MKAnnotationView+WebCache.h */ = {isa = PBXFileReference; fileEncoding = 4; lastKnownFileType = sourcecode.c.h; path = "MKAnnotationView+WebCache.h"; sourceTree = "<group>"; };
		FD1656DC1BB2DA4900282A60 /* MKAnnotationView+WebCache.m */ = {isa = PBXFileReference; fileEncoding = 4; lastKnownFileType = sourcecode.c.objc; path = "MKAnnotationView+WebCache.m"; sourceTree = "<group>"; };
		FD1656DD1BB2DA4900282A60 /* NSData+ImageContentType.h */ = {isa = PBXFileReference; fileEncoding = 4; lastKnownFileType = sourcecode.c.h; path = "NSData+ImageContentType.h"; sourceTree = "<group>"; };
		FD1656DE1BB2DA4900282A60 /* NSData+ImageContentType.m */ = {isa = PBXFileReference; fileEncoding = 4; lastKnownFileType = sourcecode.c.objc; path = "NSData+ImageContentType.m"; sourceTree = "<group>"; };
		FD1656DF1BB2DA4900282A60 /* SDImageCache.h */ = {isa = PBXFileReference; fileEncoding = 4; lastKnownFileType = sourcecode.c.h; path = SDImageCache.h; sourceTree = "<group>"; };
		FD1656E01BB2DA4900282A60 /* SDImageCache.m */ = {isa = PBXFileReference; fileEncoding = 4; lastKnownFileType = sourcecode.c.objc; path = SDImageCache.m; sourceTree = "<group>"; };
		FD1656E11BB2DA4900282A60 /* SDWebImageCompat.h */ = {isa = PBXFileReference; fileEncoding = 4; lastKnownFileType = sourcecode.c.h; path = SDWebImageCompat.h; sourceTree = "<group>"; };
		FD1656E21BB2DA4900282A60 /* SDWebImageCompat.m */ = {isa = PBXFileReference; fileEncoding = 4; lastKnownFileType = sourcecode.c.objc; path = SDWebImageCompat.m; sourceTree = "<group>"; };
		FD1656E31BB2DA4900282A60 /* SDWebImageDecoder.h */ = {isa = PBXFileReference; fileEncoding = 4; lastKnownFileType = sourcecode.c.h; path = SDWebImageDecoder.h; sourceTree = "<group>"; };
		FD1656E41BB2DA4900282A60 /* SDWebImageDecoder.m */ = {isa = PBXFileReference; fileEncoding = 4; lastKnownFileType = sourcecode.c.objc; path = SDWebImageDecoder.m; sourceTree = "<group>"; };
		FD1656E51BB2DA4900282A60 /* SDWebImageDownloader.h */ = {isa = PBXFileReference; fileEncoding = 4; lastKnownFileType = sourcecode.c.h; path = SDWebImageDownloader.h; sourceTree = "<group>"; };
		FD1656E61BB2DA4900282A60 /* SDWebImageDownloader.m */ = {isa = PBXFileReference; fileEncoding = 4; lastKnownFileType = sourcecode.c.objc; path = SDWebImageDownloader.m; sourceTree = "<group>"; };
		FD1656E71BB2DA4900282A60 /* SDWebImageDownloaderOperation.h */ = {isa = PBXFileReference; fileEncoding = 4; lastKnownFileType = sourcecode.c.h; path = SDWebImageDownloaderOperation.h; sourceTree = "<group>"; };
		FD1656E81BB2DA4900282A60 /* SDWebImageDownloaderOperation.m */ = {isa = PBXFileReference; fileEncoding = 4; lastKnownFileType = sourcecode.c.objc; path = SDWebImageDownloaderOperation.m; sourceTree = "<group>"; };
		FD1656E91BB2DA4900282A60 /* SDWebImageManager.h */ = {isa = PBXFileReference; fileEncoding = 4; lastKnownFileType = sourcecode.c.h; path = SDWebImageManager.h; sourceTree = "<group>"; };
		FD1656EA1BB2DA4900282A60 /* SDWebImageManager.m */ = {isa = PBXFileReference; fileEncoding = 4; lastKnownFileType = sourcecode.c.objc; path = SDWebImageManager.m; sourceTree = "<group>"; };
		FD1656EB1BB2DA4900282A60 /* SDWebImageOperation.h */ = {isa = PBXFileReference; fileEncoding = 4; lastKnownFileType = sourcecode.c.h; path = SDWebImageOperation.h; sourceTree = "<group>"; };
		FD1656EC1BB2DA4900282A60 /* SDWebImagePrefetcher.h */ = {isa = PBXFileReference; fileEncoding = 4; lastKnownFileType = sourcecode.c.h; path = SDWebImagePrefetcher.h; sourceTree = "<group>"; };
		FD1656ED1BB2DA4900282A60 /* SDWebImagePrefetcher.m */ = {isa = PBXFileReference; fileEncoding = 4; lastKnownFileType = sourcecode.c.objc; path = SDWebImagePrefetcher.m; sourceTree = "<group>"; };
		FD1656EE1BB2DA4900282A60 /* UIButton+WebCache.h */ = {isa = PBXFileReference; fileEncoding = 4; lastKnownFileType = sourcecode.c.h; path = "UIButton+WebCache.h"; sourceTree = "<group>"; };
		FD1656EF1BB2DA4900282A60 /* UIButton+WebCache.m */ = {isa = PBXFileReference; fileEncoding = 4; lastKnownFileType = sourcecode.c.objc; path = "UIButton+WebCache.m"; sourceTree = "<group>"; };
		FD1656F01BB2DA4900282A60 /* UIImage+GIF.h */ = {isa = PBXFileReference; fileEncoding = 4; lastKnownFileType = sourcecode.c.h; path = "UIImage+GIF.h"; sourceTree = "<group>"; };
		FD1656F11BB2DA4900282A60 /* UIImage+GIF.m */ = {isa = PBXFileReference; fileEncoding = 4; lastKnownFileType = sourcecode.c.objc; path = "UIImage+GIF.m"; sourceTree = "<group>"; };
		FD1656F21BB2DA4900282A60 /* UIImage+MultiFormat.h */ = {isa = PBXFileReference; fileEncoding = 4; lastKnownFileType = sourcecode.c.h; path = "UIImage+MultiFormat.h"; sourceTree = "<group>"; };
		FD1656F31BB2DA4900282A60 /* UIImage+MultiFormat.m */ = {isa = PBXFileReference; fileEncoding = 4; lastKnownFileType = sourcecode.c.objc; path = "UIImage+MultiFormat.m"; sourceTree = "<group>"; };
		FD1656F41BB2DA4900282A60 /* UIImage+WebP.h */ = {isa = PBXFileReference; fileEncoding = 4; lastKnownFileType = sourcecode.c.h; path = "UIImage+WebP.h"; sourceTree = "<group>"; };
		FD1656F51BB2DA4900282A60 /* UIImage+WebP.m */ = {isa = PBXFileReference; fileEncoding = 4; lastKnownFileType = sourcecode.c.objc; path = "UIImage+WebP.m"; sourceTree = "<group>"; };
		FD1656F61BB2DA4900282A60 /* UIImageView+HighlightedWebCache.h */ = {isa = PBXFileReference; fileEncoding = 4; lastKnownFileType = sourcecode.c.h; path = "UIImageView+HighlightedWebCache.h"; sourceTree = "<group>"; };
		FD1656F71BB2DA4900282A60 /* UIImageView+HighlightedWebCache.m */ = {isa = PBXFileReference; fileEncoding = 4; lastKnownFileType = sourcecode.c.objc; path = "UIImageView+HighlightedWebCache.m"; sourceTree = "<group>"; };
		FD1656F81BB2DA4900282A60 /* UIImageView+WebCache.h */ = {isa = PBXFileReference; fileEncoding = 4; lastKnownFileType = sourcecode.c.h; path = "UIImageView+WebCache.h"; sourceTree = "<group>"; };
		FD1656F91BB2DA4900282A60 /* UIImageView+WebCache.m */ = {isa = PBXFileReference; fileEncoding = 4; lastKnownFileType = sourcecode.c.objc; path = "UIImageView+WebCache.m"; sourceTree = "<group>"; };
		FD1656FA1BB2DA4900282A60 /* UIView+WebCacheOperation.h */ = {isa = PBXFileReference; fileEncoding = 4; lastKnownFileType = sourcecode.c.h; path = "UIView+WebCacheOperation.h"; sourceTree = "<group>"; };
		FD1656FB1BB2DA4900282A60 /* UIView+WebCacheOperation.m */ = {isa = PBXFileReference; fileEncoding = 4; lastKnownFileType = sourcecode.c.objc; path = "UIView+WebCacheOperation.m"; sourceTree = "<group>"; };
		FD16570C1BB2E08500282A60 /* BGUser.h */ = {isa = PBXFileReference; fileEncoding = 4; lastKnownFileType = sourcecode.c.h; path = BGUser.h; sourceTree = "<group>"; };
		FD16570D1BB2E08500282A60 /* BGUser.m */ = {isa = PBXFileReference; fileEncoding = 4; lastKnownFileType = sourcecode.c.objc; path = BGUser.m; sourceTree = "<group>"; };
		FD16570F1BB2E09D00282A60 /* BGStatus.h */ = {isa = PBXFileReference; fileEncoding = 4; lastKnownFileType = sourcecode.c.h; path = BGStatus.h; sourceTree = "<group>"; };
		FD1657101BB2E09D00282A60 /* BGStatus.m */ = {isa = PBXFileReference; fileEncoding = 4; lastKnownFileType = sourcecode.c.objc; path = BGStatus.m; sourceTree = "<group>"; };
		FD1657141BB2EF9000282A60 /* MJRefreshAutoFooter.h */ = {isa = PBXFileReference; fileEncoding = 4; lastKnownFileType = sourcecode.c.h; path = MJRefreshAutoFooter.h; sourceTree = "<group>"; };
		FD1657151BB2EF9000282A60 /* MJRefreshAutoFooter.m */ = {isa = PBXFileReference; fileEncoding = 4; lastKnownFileType = sourcecode.c.objc; path = MJRefreshAutoFooter.m; sourceTree = "<group>"; };
		FD1657161BB2EF9000282A60 /* MJRefreshBackFooter.h */ = {isa = PBXFileReference; fileEncoding = 4; lastKnownFileType = sourcecode.c.h; path = MJRefreshBackFooter.h; sourceTree = "<group>"; };
		FD1657171BB2EF9000282A60 /* MJRefreshBackFooter.m */ = {isa = PBXFileReference; fileEncoding = 4; lastKnownFileType = sourcecode.c.objc; path = MJRefreshBackFooter.m; sourceTree = "<group>"; };
		FD1657181BB2EF9000282A60 /* MJRefreshComponent.h */ = {isa = PBXFileReference; fileEncoding = 4; lastKnownFileType = sourcecode.c.h; path = MJRefreshComponent.h; sourceTree = "<group>"; };
		FD1657191BB2EF9000282A60 /* MJRefreshComponent.m */ = {isa = PBXFileReference; fileEncoding = 4; lastKnownFileType = sourcecode.c.objc; path = MJRefreshComponent.m; sourceTree = "<group>"; };
		FD16571A1BB2EF9000282A60 /* MJRefreshFooter.h */ = {isa = PBXFileReference; fileEncoding = 4; lastKnownFileType = sourcecode.c.h; path = MJRefreshFooter.h; sourceTree = "<group>"; };
		FD16571B1BB2EF9000282A60 /* MJRefreshFooter.m */ = {isa = PBXFileReference; fileEncoding = 4; lastKnownFileType = sourcecode.c.objc; path = MJRefreshFooter.m; sourceTree = "<group>"; };
		FD16571C1BB2EF9000282A60 /* MJRefreshHeader.h */ = {isa = PBXFileReference; fileEncoding = 4; lastKnownFileType = sourcecode.c.h; path = MJRefreshHeader.h; sourceTree = "<group>"; };
		FD16571D1BB2EF9000282A60 /* MJRefreshHeader.m */ = {isa = PBXFileReference; fileEncoding = 4; lastKnownFileType = sourcecode.c.objc; path = MJRefreshHeader.m; sourceTree = "<group>"; };
		FD1657211BB2EF9000282A60 /* MJRefreshAutoGifFooter.h */ = {isa = PBXFileReference; fileEncoding = 4; lastKnownFileType = sourcecode.c.h; path = MJRefreshAutoGifFooter.h; sourceTree = "<group>"; };
		FD1657221BB2EF9000282A60 /* MJRefreshAutoGifFooter.m */ = {isa = PBXFileReference; fileEncoding = 4; lastKnownFileType = sourcecode.c.objc; path = MJRefreshAutoGifFooter.m; sourceTree = "<group>"; };
		FD1657231BB2EF9000282A60 /* MJRefreshAutoNormalFooter.h */ = {isa = PBXFileReference; fileEncoding = 4; lastKnownFileType = sourcecode.c.h; path = MJRefreshAutoNormalFooter.h; sourceTree = "<group>"; };
		FD1657241BB2EF9000282A60 /* MJRefreshAutoNormalFooter.m */ = {isa = PBXFileReference; fileEncoding = 4; lastKnownFileType = sourcecode.c.objc; path = MJRefreshAutoNormalFooter.m; sourceTree = "<group>"; };
		FD1657251BB2EF9000282A60 /* MJRefreshAutoStateFooter.h */ = {isa = PBXFileReference; fileEncoding = 4; lastKnownFileType = sourcecode.c.h; path = MJRefreshAutoStateFooter.h; sourceTree = "<group>"; };
		FD1657261BB2EF9000282A60 /* MJRefreshAutoStateFooter.m */ = {isa = PBXFileReference; fileEncoding = 4; lastKnownFileType = sourcecode.c.objc; path = MJRefreshAutoStateFooter.m; sourceTree = "<group>"; };
		FD1657281BB2EF9000282A60 /* MJRefreshBackGifFooter.h */ = {isa = PBXFileReference; fileEncoding = 4; lastKnownFileType = sourcecode.c.h; path = MJRefreshBackGifFooter.h; sourceTree = "<group>"; };
		FD1657291BB2EF9000282A60 /* MJRefreshBackGifFooter.m */ = {isa = PBXFileReference; fileEncoding = 4; lastKnownFileType = sourcecode.c.objc; path = MJRefreshBackGifFooter.m; sourceTree = "<group>"; };
		FD16572A1BB2EF9000282A60 /* MJRefreshBackNormalFooter.h */ = {isa = PBXFileReference; fileEncoding = 4; lastKnownFileType = sourcecode.c.h; path = MJRefreshBackNormalFooter.h; sourceTree = "<group>"; };
		FD16572B1BB2EF9000282A60 /* MJRefreshBackNormalFooter.m */ = {isa = PBXFileReference; fileEncoding = 4; lastKnownFileType = sourcecode.c.objc; path = MJRefreshBackNormalFooter.m; sourceTree = "<group>"; };
		FD16572C1BB2EF9000282A60 /* MJRefreshBackStateFooter.h */ = {isa = PBXFileReference; fileEncoding = 4; lastKnownFileType = sourcecode.c.h; path = MJRefreshBackStateFooter.h; sourceTree = "<group>"; };
		FD16572D1BB2EF9000282A60 /* MJRefreshBackStateFooter.m */ = {isa = PBXFileReference; fileEncoding = 4; lastKnownFileType = sourcecode.c.objc; path = MJRefreshBackStateFooter.m; sourceTree = "<group>"; };
		FD16572F1BB2EF9000282A60 /* MJRefreshGifHeader.h */ = {isa = PBXFileReference; fileEncoding = 4; lastKnownFileType = sourcecode.c.h; path = MJRefreshGifHeader.h; sourceTree = "<group>"; };
		FD1657301BB2EF9000282A60 /* MJRefreshGifHeader.m */ = {isa = PBXFileReference; fileEncoding = 4; lastKnownFileType = sourcecode.c.objc; path = MJRefreshGifHeader.m; sourceTree = "<group>"; };
		FD1657311BB2EF9000282A60 /* MJRefreshNormalHeader.h */ = {isa = PBXFileReference; fileEncoding = 4; lastKnownFileType = sourcecode.c.h; path = MJRefreshNormalHeader.h; sourceTree = "<group>"; };
		FD1657321BB2EF9000282A60 /* MJRefreshNormalHeader.m */ = {isa = PBXFileReference; fileEncoding = 4; lastKnownFileType = sourcecode.c.objc; path = MJRefreshNormalHeader.m; sourceTree = "<group>"; };
		FD1657331BB2EF9000282A60 /* MJRefreshStateHeader.h */ = {isa = PBXFileReference; fileEncoding = 4; lastKnownFileType = sourcecode.c.h; path = MJRefreshStateHeader.h; sourceTree = "<group>"; };
		FD1657341BB2EF9000282A60 /* MJRefreshStateHeader.m */ = {isa = PBXFileReference; fileEncoding = 4; lastKnownFileType = sourcecode.c.objc; path = MJRefreshStateHeader.m; sourceTree = "<group>"; };
		FD1657351BB2EF9000282A60 /* MJRefresh.bundle */ = {isa = PBXFileReference; lastKnownFileType = "wrapper.plug-in"; path = MJRefresh.bundle; sourceTree = "<group>"; };
		FD1657361BB2EF9000282A60 /* MJRefresh.h */ = {isa = PBXFileReference; fileEncoding = 4; lastKnownFileType = sourcecode.c.h; path = MJRefresh.h; sourceTree = "<group>"; };
		FD1657371BB2EF9000282A60 /* MJRefreshConst.h */ = {isa = PBXFileReference; fileEncoding = 4; lastKnownFileType = sourcecode.c.h; path = MJRefreshConst.h; sourceTree = "<group>"; };
		FD1657381BB2EF9000282A60 /* MJRefreshConst.m */ = {isa = PBXFileReference; fileEncoding = 4; lastKnownFileType = sourcecode.c.objc; path = MJRefreshConst.m; sourceTree = "<group>"; };
		FD1657391BB2EF9000282A60 /* UIScrollView+MJExtension.h */ = {isa = PBXFileReference; fileEncoding = 4; lastKnownFileType = sourcecode.c.h; path = "UIScrollView+MJExtension.h"; sourceTree = "<group>"; };
		FD16573A1BB2EF9000282A60 /* UIScrollView+MJExtension.m */ = {isa = PBXFileReference; fileEncoding = 4; lastKnownFileType = sourcecode.c.objc; path = "UIScrollView+MJExtension.m"; sourceTree = "<group>"; };
		FD16573B1BB2EF9000282A60 /* UIScrollView+MJRefresh.h */ = {isa = PBXFileReference; fileEncoding = 4; lastKnownFileType = sourcecode.c.h; path = "UIScrollView+MJRefresh.h"; sourceTree = "<group>"; };
		FD16573C1BB2EF9000282A60 /* UIScrollView+MJRefresh.m */ = {isa = PBXFileReference; fileEncoding = 4; lastKnownFileType = sourcecode.c.objc; path = "UIScrollView+MJRefresh.m"; sourceTree = "<group>"; };
		FD16573D1BB2EF9000282A60 /* UIView+MJExtension.h */ = {isa = PBXFileReference; fileEncoding = 4; lastKnownFileType = sourcecode.c.h; path = "UIView+MJExtension.h"; sourceTree = "<group>"; };
		FD16573E1BB2EF9000282A60 /* UIView+MJExtension.m */ = {isa = PBXFileReference; fileEncoding = 4; lastKnownFileType = sourcecode.c.objc; path = "UIView+MJExtension.m"; sourceTree = "<group>"; };
		FD1C11A81BD5F0F700B3219E /* BGComposeViewController.h */ = {isa = PBXFileReference; fileEncoding = 4; lastKnownFileType = sourcecode.c.h; path = BGComposeViewController.h; sourceTree = "<group>"; };
		FD1C11A91BD5F0F700B3219E /* BGComposeViewController.m */ = {isa = PBXFileReference; fileEncoding = 4; lastKnownFileType = sourcecode.c.objc; path = BGComposeViewController.m; sourceTree = "<group>"; };
		FD1C11AB1BD5F13C00B3219E /* BGTextView.h */ = {isa = PBXFileReference; fileEncoding = 4; lastKnownFileType = sourcecode.c.h; path = BGTextView.h; sourceTree = "<group>"; };
		FD1C11AC1BD5F13C00B3219E /* BGTextView.m */ = {isa = PBXFileReference; fileEncoding = 4; lastKnownFileType = sourcecode.c.objc; path = BGTextView.m; sourceTree = "<group>"; };
		FD1C11AE1BD604F000B3219E /* BGComposePhotosView.h */ = {isa = PBXFileReference; fileEncoding = 4; lastKnownFileType = sourcecode.c.h; path = BGComposePhotosView.h; sourceTree = "<group>"; };
		FD1C11AF1BD604F000B3219E /* BGComposePhotosView.m */ = {isa = PBXFileReference; fileEncoding = 4; lastKnownFileType = sourcecode.c.objc; path = BGComposePhotosView.m; sourceTree = "<group>"; };
		FD1C11B11BD6059000B3219E /* BGComposeToolbar.h */ = {isa = PBXFileReference; fileEncoding = 4; lastKnownFileType = sourcecode.c.h; path = BGComposeToolbar.h; sourceTree = "<group>"; };
		FD1C11B21BD6059000B3219E /* BGComposeToolbar.m */ = {isa = PBXFileReference; fileEncoding = 4; lastKnownFileType = sourcecode.c.objc; path = BGComposeToolbar.m; sourceTree = "<group>"; };
		FD1C11B41BD6139E00B3219E /* BGEmotionKeyboard.h */ = {isa = PBXFileReference; fileEncoding = 4; lastKnownFileType = sourcecode.c.h; path = BGEmotionKeyboard.h; sourceTree = "<group>"; };
		FD1C11B51BD6139E00B3219E /* BGEmotionKeyboard.m */ = {isa = PBXFileReference; fileEncoding = 4; lastKnownFileType = sourcecode.c.objc; path = BGEmotionKeyboard.m; sourceTree = "<group>"; };
		FD3ABC861BA7152500F17631 /* BGDiscoverViewController.h */ = {isa = PBXFileReference; fileEncoding = 4; lastKnownFileType = sourcecode.c.h; path = BGDiscoverViewController.h; sourceTree = "<group>"; };
		FD3ABC871BA7152500F17631 /* BGDiscoverViewController.m */ = {isa = PBXFileReference; fileEncoding = 4; lastKnownFileType = sourcecode.c.objc; path = BGDiscoverViewController.m; sourceTree = "<group>"; };
		FD3ABC8C1BA7152500F17631 /* BGHomeViewController.h */ = {isa = PBXFileReference; fileEncoding = 4; lastKnownFileType = sourcecode.c.h; path = BGHomeViewController.h; sourceTree = "<group>"; };
		FD3ABC8D1BA7152500F17631 /* BGHomeViewController.m */ = {isa = PBXFileReference; fileEncoding = 4; lastKnownFileType = sourcecode.c.objc; path = BGHomeViewController.m; sourceTree = "<group>"; };
		FD3ABC931BA7152500F17631 /* BGTabBarViewController.h */ = {isa = PBXFileReference; fileEncoding = 4; lastKnownFileType = sourcecode.c.h; path = BGTabBarViewController.h; sourceTree = "<group>"; };
		FD3ABC941BA7152500F17631 /* BGTabBarViewController.m */ = {isa = PBXFileReference; fileEncoding = 4; lastKnownFileType = sourcecode.c.objc; path = BGTabBarViewController.m; sourceTree = "<group>"; };
		FD3ABC981BA7152500F17631 /* AppDelegate.h */ = {isa = PBXFileReference; fileEncoding = 4; lastKnownFileType = sourcecode.c.h; path = AppDelegate.h; sourceTree = "<group>"; };
		FD3ABC991BA7152500F17631 /* AppDelegate.m */ = {isa = PBXFileReference; fileEncoding = 4; lastKnownFileType = sourcecode.c.objc; path = AppDelegate.m; sourceTree = "<group>"; };
		FD3ABC9A1BA7152500F17631 /* main.m */ = {isa = PBXFileReference; fileEncoding = 4; lastKnownFileType = sourcecode.c.objc; path = main.m; sourceTree = "<group>"; };
		FD3ABC9E1BA7152500F17631 /* BGMessageCenterViewController.h */ = {isa = PBXFileReference; fileEncoding = 4; lastKnownFileType = sourcecode.c.h; path = BGMessageCenterViewController.h; sourceTree = "<group>"; };
		FD3ABC9F1BA7152500F17631 /* BGMessageCenterViewController.m */ = {isa = PBXFileReference; fileEncoding = 4; lastKnownFileType = sourcecode.c.objc; path = BGMessageCenterViewController.m; sourceTree = "<group>"; };
		FD3ABCA81BA7152500F17631 /* BGProfileViewController.h */ = {isa = PBXFileReference; fileEncoding = 4; lastKnownFileType = sourcecode.c.h; path = BGProfileViewController.h; sourceTree = "<group>"; };
		FD3ABCA91BA7152500F17631 /* BGProfileViewController.m */ = {isa = PBXFileReference; fileEncoding = 4; lastKnownFileType = sourcecode.c.objc; path = BGProfileViewController.m; sourceTree = "<group>"; };
		FD3ABCB31BA716FD00F17631 /* BGNavigationController.h */ = {isa = PBXFileReference; fileEncoding = 4; lastKnownFileType = sourcecode.c.h; path = BGNavigationController.h; sourceTree = "<group>"; };
		FD3ABCB41BA716FD00F17631 /* BGNavigationController.m */ = {isa = PBXFileReference; fileEncoding = 4; lastKnownFileType = sourcecode.c.objc; path = BGNavigationController.m; sourceTree = "<group>"; };
		FD3ABCB61BA7196C00F17631 /* UIView+Extension.h */ = {isa = PBXFileReference; fileEncoding = 4; lastKnownFileType = sourcecode.c.h; path = "UIView+Extension.h"; sourceTree = "<group>"; };
		FD3ABCB71BA7196C00F17631 /* UIView+Extension.m */ = {isa = PBXFileReference; fileEncoding = 4; lastKnownFileType = sourcecode.c.objc; path = "UIView+Extension.m"; sourceTree = "<group>"; };
		FD3ABCB91BA71D2D00F17631 /* UIBarButtonItem+Extension.h */ = {isa = PBXFileReference; fileEncoding = 4; lastKnownFileType = sourcecode.c.h; path = "UIBarButtonItem+Extension.h"; sourceTree = "<group>"; };
		FD3ABCBA1BA71D2D00F17631 /* UIBarButtonItem+Extension.m */ = {isa = PBXFileReference; fileEncoding = 4; lastKnownFileType = sourcecode.c.objc; path = "UIBarButtonItem+Extension.m"; sourceTree = "<group>"; };
		FD5D0F231BB1A086009CBCAD /* MJDictionaryCache.h */ = {isa = PBXFileReference; fileEncoding = 4; lastKnownFileType = sourcecode.c.h; path = MJDictionaryCache.h; sourceTree = "<group>"; };
		FD5D0F241BB1A086009CBCAD /* MJDictionaryCache.m */ = {isa = PBXFileReference; fileEncoding = 4; lastKnownFileType = sourcecode.c.objc; path = MJDictionaryCache.m; sourceTree = "<group>"; };
		FD5D0F251BB1A086009CBCAD /* MJExtension.h */ = {isa = PBXFileReference; fileEncoding = 4; lastKnownFileType = sourcecode.c.h; path = MJExtension.h; sourceTree = "<group>"; };
		FD5D0F261BB1A086009CBCAD /* MJExtensionConst.h */ = {isa = PBXFileReference; fileEncoding = 4; lastKnownFileType = sourcecode.c.h; path = MJExtensionConst.h; sourceTree = "<group>"; };
		FD5D0F271BB1A086009CBCAD /* MJExtensionConst.m */ = {isa = PBXFileReference; fileEncoding = 4; lastKnownFileType = sourcecode.c.objc; path = MJExtensionConst.m; sourceTree = "<group>"; };
		FD5D0F281BB1A086009CBCAD /* MJFoundation.h */ = {isa = PBXFileReference; fileEncoding = 4; lastKnownFileType = sourcecode.c.h; path = MJFoundation.h; sourceTree = "<group>"; };
		FD5D0F291BB1A086009CBCAD /* MJFoundation.m */ = {isa = PBXFileReference; fileEncoding = 4; lastKnownFileType = sourcecode.c.objc; path = MJFoundation.m; sourceTree = "<group>"; };
		FD5D0F2A1BB1A086009CBCAD /* MJProperty.h */ = {isa = PBXFileReference; fileEncoding = 4; lastKnownFileType = sourcecode.c.h; path = MJProperty.h; sourceTree = "<group>"; };
		FD5D0F2B1BB1A086009CBCAD /* MJProperty.m */ = {isa = PBXFileReference; fileEncoding = 4; lastKnownFileType = sourcecode.c.objc; path = MJProperty.m; sourceTree = "<group>"; };
		FD5D0F2C1BB1A086009CBCAD /* MJPropertyKey.h */ = {isa = PBXFileReference; fileEncoding = 4; lastKnownFileType = sourcecode.c.h; path = MJPropertyKey.h; sourceTree = "<group>"; };
		FD5D0F2D1BB1A086009CBCAD /* MJPropertyKey.m */ = {isa = PBXFileReference; fileEncoding = 4; lastKnownFileType = sourcecode.c.objc; path = MJPropertyKey.m; sourceTree = "<group>"; };
		FD5D0F2E1BB1A086009CBCAD /* MJPropertyType.h */ = {isa = PBXFileReference; fileEncoding = 4; lastKnownFileType = sourcecode.c.h; path = MJPropertyType.h; sourceTree = "<group>"; };
		FD5D0F2F1BB1A086009CBCAD /* MJPropertyType.m */ = {isa = PBXFileReference; fileEncoding = 4; lastKnownFileType = sourcecode.c.objc; path = MJPropertyType.m; sourceTree = "<group>"; };
		FD5D0F301BB1A086009CBCAD /* NSObject+MJClass.h */ = {isa = PBXFileReference; fileEncoding = 4; lastKnownFileType = sourcecode.c.h; path = "NSObject+MJClass.h"; sourceTree = "<group>"; };
		FD5D0F311BB1A086009CBCAD /* NSObject+MJClass.m */ = {isa = PBXFileReference; fileEncoding = 4; lastKnownFileType = sourcecode.c.objc; path = "NSObject+MJClass.m"; sourceTree = "<group>"; };
		FD5D0F321BB1A086009CBCAD /* NSObject+MJCoding.h */ = {isa = PBXFileReference; fileEncoding = 4; lastKnownFileType = sourcecode.c.h; path = "NSObject+MJCoding.h"; sourceTree = "<group>"; };
		FD5D0F331BB1A086009CBCAD /* NSObject+MJCoding.m */ = {isa = PBXFileReference; fileEncoding = 4; lastKnownFileType = sourcecode.c.objc; path = "NSObject+MJCoding.m"; sourceTree = "<group>"; };
		FD5D0F341BB1A086009CBCAD /* NSObject+MJKeyValue.h */ = {isa = PBXFileReference; fileEncoding = 4; lastKnownFileType = sourcecode.c.h; path = "NSObject+MJKeyValue.h"; sourceTree = "<group>"; };
		FD5D0F351BB1A086009CBCAD /* NSObject+MJKeyValue.m */ = {isa = PBXFileReference; fileEncoding = 4; lastKnownFileType = sourcecode.c.objc; path = "NSObject+MJKeyValue.m"; sourceTree = "<group>"; };
		FD5D0F361BB1A086009CBCAD /* NSObject+MJProperty.h */ = {isa = PBXFileReference; fileEncoding = 4; lastKnownFileType = sourcecode.c.h; path = "NSObject+MJProperty.h"; sourceTree = "<group>"; };
		FD5D0F371BB1A086009CBCAD /* NSObject+MJProperty.m */ = {isa = PBXFileReference; fileEncoding = 4; lastKnownFileType = sourcecode.c.objc; path = "NSObject+MJProperty.m"; sourceTree = "<group>"; };
		FD5D0F381BB1A086009CBCAD /* NSString+MJExtension.h */ = {isa = PBXFileReference; fileEncoding = 4; lastKnownFileType = sourcecode.c.h; path = "NSString+MJExtension.h"; sourceTree = "<group>"; };
		FD5D0F391BB1A086009CBCAD /* NSString+MJExtension.m */ = {isa = PBXFileReference; fileEncoding = 4; lastKnownFileType = sourcecode.c.objc; path = "NSString+MJExtension.m"; sourceTree = "<group>"; };
		FD5D0F451BB1A70A009CBCAD /* NSDate+Extension.h */ = {isa = PBXFileReference; fileEncoding = 4; lastKnownFileType = sourcecode.c.h; path = "NSDate+Extension.h"; sourceTree = "<group>"; };
		FD5D0F461BB1A70A009CBCAD /* NSDate+Extension.m */ = {isa = PBXFileReference; fileEncoding = 4; lastKnownFileType = sourcecode.c.objc; path = "NSDate+Extension.m"; sourceTree = "<group>"; };
		FD5D0F481BB1B72A009CBCAD /* BGTitleButton.h */ = {isa = PBXFileReference; fileEncoding = 4; lastKnownFileType = sourcecode.c.h; path = BGTitleButton.h; sourceTree = "<group>"; };
		FD5D0F491BB1B72A009CBCAD /* BGTitleButton.m */ = {isa = PBXFileReference; fileEncoding = 4; lastKnownFileType = sourcecode.c.objc; path = BGTitleButton.m; sourceTree = "<group>"; };
		FD69858C1BB6B1E800295E77 /* BGLoadMoreFooter.h */ = {isa = PBXFileReference; fileEncoding = 4; lastKnownFileType = sourcecode.c.h; path = BGLoadMoreFooter.h; sourceTree = "<group>"; };
		FD69858D1BB6B1E800295E77 /* BGLoadMoreFooter.m */ = {isa = PBXFileReference; fileEncoding = 4; lastKnownFileType = sourcecode.c.objc; path = BGLoadMoreFooter.m; sourceTree = "<group>"; };
		FD69858E1BB6B1E800295E77 /* BGLoadMoreFooter.xib */ = {isa = PBXFileReference; fileEncoding = 4; lastKnownFileType = file.xib; path = BGLoadMoreFooter.xib; sourceTree = "<group>"; };
		FD8199341BBAEAA30065C039 /* BGBadgeButton.h */ = {isa = PBXFileReference; fileEncoding = 4; lastKnownFileType = sourcecode.c.h; path = BGBadgeButton.h; sourceTree = "<group>"; };
		FD8199351BBAEAA30065C039 /* BGBadgeButton.m */ = {isa = PBXFileReference; fileEncoding = 4; lastKnownFileType = sourcecode.c.objc; path = BGBadgeButton.m; sourceTree = "<group>"; };
		FD830AED1BB18912001F062C /* BGAccountTool.h */ = {isa = PBXFileReference; fileEncoding = 4; lastKnownFileType = sourcecode.c.h; path = BGAccountTool.h; sourceTree = "<group>"; };
		FD830AEE1BB18913001F062C /* BGAccountTool.m */ = {isa = PBXFileReference; fileEncoding = 4; lastKnownFileType = sourcecode.c.objc; path = BGAccountTool.m; sourceTree = "<group>"; };
		FD830AF01BB19458001F062C /* UIWindow+Extension.h */ = {isa = PBXFileReference; fileEncoding = 4; lastKnownFileType = sourcecode.c.h; path = "UIWindow+Extension.h"; sourceTree = "<group>"; };
		FD830AF11BB19458001F062C /* UIWindow+Extension.m */ = {isa = PBXFileReference; fileEncoding = 4; lastKnownFileType = sourcecode.c.objc; path = "UIWindow+Extension.m"; sourceTree = "<group>"; };
		FD896FE41BAC6EAD002C4B7C /* BGDropdownMenu.h */ = {isa = PBXFileReference; fileEncoding = 4; lastKnownFileType = sourcecode.c.h; path = BGDropdownMenu.h; sourceTree = "<group>"; };
		FD896FE51BAC6EAD002C4B7C /* BGDropdownMenu.m */ = {isa = PBXFileReference; fileEncoding = 4; lastKnownFileType = sourcecode.c.objc; path = BGDropdownMenu.m; sourceTree = "<group>"; };
		FD896FE61BAC6EAD002C4B7C /* BGTabBar.h */ = {isa = PBXFileReference; fileEncoding = 4; lastKnownFileType = sourcecode.c.h; path = BGTabBar.h; sourceTree = "<group>"; };
		FD896FE71BAC6EAD002C4B7C /* BGTabBar.m */ = {isa = PBXFileReference; fileEncoding = 4; lastKnownFileType = sourcecode.c.objc; path = BGTabBar.m; sourceTree = "<group>"; };
		FD896FEA1BAC7069002C4B7C /* BGTitleMenuViewController.h */ = {isa = PBXFileReference; fileEncoding = 4; lastKnownFileType = sourcecode.c.h; path = BGTitleMenuViewController.h; sourceTree = "<group>"; };
		FD896FEB1BAC7069002C4B7C /* BGTitleMenuViewController.m */ = {isa = PBXFileReference; fileEncoding = 4; lastKnownFileType = sourcecode.c.objc; path = BGTitleMenuViewController.m; sourceTree = "<group>"; };
		FD8FE9361BAD90A10015102C /* BGNewfeatureViewController.h */ = {isa = PBXFileReference; fileEncoding = 4; lastKnownFileType = sourcecode.c.h; path = BGNewfeatureViewController.h; sourceTree = "<group>"; };
		FD8FE9371BAD90A10015102C /* BGNewfeatureViewController.m */ = {isa = PBXFileReference; fileEncoding = 4; lastKnownFileType = sourcecode.c.objc; path = BGNewfeatureViewController.m; sourceTree = "<group>"; };
		FD94CD541BA8713F0096736C /* BGSearchBar.h */ = {isa = PBXFileReference; fileEncoding = 4; lastKnownFileType = sourcecode.c.h; path = BGSearchBar.h; sourceTree = "<group>"; };
		FD94CD551BA871400096736C /* BGSearchBar.m */ = {isa = PBXFileReference; fileEncoding = 4; lastKnownFileType = sourcecode.c.objc; path = BGSearchBar.m; sourceTree = "<group>"; };
		FD9EFAC11BA1E55700D712F3 /* BGWeiBo.app */ = {isa = PBXFileReference; explicitFileType = wrapper.application; includeInIndex = 0; path = BGWeiBo.app; sourceTree = BUILT_PRODUCTS_DIR; };
		FD9EFAC51BA1E55700D712F3 /* Info.plist */ = {isa = PBXFileReference; lastKnownFileType = text.plist.xml; path = Info.plist; sourceTree = "<group>"; };
		FD9EFAD11BA1E55800D712F3 /* Images.xcassets */ = {isa = PBXFileReference; lastKnownFileType = folder.assetcatalog; path = Images.xcassets; sourceTree = "<group>"; };
		FD9EFADA1BA1E55800D712F3 /* BGWeiBoTests.xctest */ = {isa = PBXFileReference; explicitFileType = wrapper.cfbundle; includeInIndex = 0; path = BGWeiBoTests.xctest; sourceTree = BUILT_PRODUCTS_DIR; };
		FD9EFADF1BA1E55800D712F3 /* Info.plist */ = {isa = PBXFileReference; lastKnownFileType = text.plist.xml; path = Info.plist; sourceTree = "<group>"; };
		FD9EFAE01BA1E55800D712F3 /* BGWeiBoTests.m */ = {isa = PBXFileReference; lastKnownFileType = sourcecode.c.objc; path = BGWeiBoTests.m; sourceTree = "<group>"; };
		FD9EFAF01BA1E72500D712F3 /* BGWeiBo-Prefix.pch */ = {isa = PBXFileReference; fileEncoding = 4; lastKnownFileType = sourcecode.c.h; path = "BGWeiBo-Prefix.pch"; sourceTree = "<group>"; };
		FDB40BD01BAE78E4003A1356 /* BGOAuthViewController.h */ = {isa = PBXFileReference; fileEncoding = 4; lastKnownFileType = sourcecode.c.h; path = BGOAuthViewController.h; sourceTree = "<group>"; };
		FDB40BD11BAE78E4003A1356 /* BGOAuthViewController.m */ = {isa = PBXFileReference; fileEncoding = 4; lastKnownFileType = sourcecode.c.objc; path = BGOAuthViewController.m; sourceTree = "<group>"; };
		FDB40BD41BAE7B42003A1356 /* AFHTTPRequestOperation.h */ = {isa = PBXFileReference; fileEncoding = 4; lastKnownFileType = sourcecode.c.h; path = AFHTTPRequestOperation.h; sourceTree = "<group>"; };
		FDB40BD51BAE7B42003A1356 /* AFHTTPRequestOperation.m */ = {isa = PBXFileReference; fileEncoding = 4; lastKnownFileType = sourcecode.c.objc; path = AFHTTPRequestOperation.m; sourceTree = "<group>"; };
		FDB40BD61BAE7B42003A1356 /* AFHTTPRequestOperationManager.h */ = {isa = PBXFileReference; fileEncoding = 4; lastKnownFileType = sourcecode.c.h; path = AFHTTPRequestOperationManager.h; sourceTree = "<group>"; };
		FDB40BD71BAE7B42003A1356 /* AFHTTPRequestOperationManager.m */ = {isa = PBXFileReference; fileEncoding = 4; lastKnownFileType = sourcecode.c.objc; path = AFHTTPRequestOperationManager.m; sourceTree = "<group>"; };
		FDB40BD81BAE7B42003A1356 /* AFHTTPSessionManager.h */ = {isa = PBXFileReference; fileEncoding = 4; lastKnownFileType = sourcecode.c.h; path = AFHTTPSessionManager.h; sourceTree = "<group>"; };
		FDB40BD91BAE7B42003A1356 /* AFHTTPSessionManager.m */ = {isa = PBXFileReference; fileEncoding = 4; lastKnownFileType = sourcecode.c.objc; path = AFHTTPSessionManager.m; sourceTree = "<group>"; };
		FDB40BDA1BAE7B42003A1356 /* AFNetworking.h */ = {isa = PBXFileReference; fileEncoding = 4; lastKnownFileType = sourcecode.c.h; path = AFNetworking.h; sourceTree = "<group>"; };
		FDB40BDB1BAE7B42003A1356 /* AFNetworkReachabilityManager.h */ = {isa = PBXFileReference; fileEncoding = 4; lastKnownFileType = sourcecode.c.h; path = AFNetworkReachabilityManager.h; sourceTree = "<group>"; };
		FDB40BDC1BAE7B42003A1356 /* AFNetworkReachabilityManager.m */ = {isa = PBXFileReference; fileEncoding = 4; lastKnownFileType = sourcecode.c.objc; path = AFNetworkReachabilityManager.m; sourceTree = "<group>"; };
		FDB40BDD1BAE7B42003A1356 /* AFSecurityPolicy.h */ = {isa = PBXFileReference; fileEncoding = 4; lastKnownFileType = sourcecode.c.h; path = AFSecurityPolicy.h; sourceTree = "<group>"; };
		FDB40BDE1BAE7B42003A1356 /* AFSecurityPolicy.m */ = {isa = PBXFileReference; fileEncoding = 4; lastKnownFileType = sourcecode.c.objc; path = AFSecurityPolicy.m; sourceTree = "<group>"; };
		FDB40BDF1BAE7B42003A1356 /* AFURLConnectionOperation.h */ = {isa = PBXFileReference; fileEncoding = 4; lastKnownFileType = sourcecode.c.h; path = AFURLConnectionOperation.h; sourceTree = "<group>"; };
		FDB40BE01BAE7B42003A1356 /* AFURLConnectionOperation.m */ = {isa = PBXFileReference; fileEncoding = 4; lastKnownFileType = sourcecode.c.objc; path = AFURLConnectionOperation.m; sourceTree = "<group>"; };
		FDB40BE11BAE7B42003A1356 /* AFURLRequestSerialization.h */ = {isa = PBXFileReference; fileEncoding = 4; lastKnownFileType = sourcecode.c.h; path = AFURLRequestSerialization.h; sourceTree = "<group>"; };
		FDB40BE21BAE7B42003A1356 /* AFURLRequestSerialization.m */ = {isa = PBXFileReference; fileEncoding = 4; lastKnownFileType = sourcecode.c.objc; path = AFURLRequestSerialization.m; sourceTree = "<group>"; };
		FDB40BE31BAE7B42003A1356 /* AFURLResponseSerialization.h */ = {isa = PBXFileReference; fileEncoding = 4; lastKnownFileType = sourcecode.c.h; path = AFURLResponseSerialization.h; sourceTree = "<group>"; };
		FDB40BE41BAE7B42003A1356 /* AFURLResponseSerialization.m */ = {isa = PBXFileReference; fileEncoding = 4; lastKnownFileType = sourcecode.c.objc; path = AFURLResponseSerialization.m; sourceTree = "<group>"; };
		FDB40BE51BAE7B42003A1356 /* AFURLSessionManager.h */ = {isa = PBXFileReference; fileEncoding = 4; lastKnownFileType = sourcecode.c.h; path = AFURLSessionManager.h; sourceTree = "<group>"; };
		FDB40BE61BAE7B42003A1356 /* AFURLSessionManager.m */ = {isa = PBXFileReference; fileEncoding = 4; lastKnownFileType = sourcecode.c.objc; path = AFURLSessionManager.m; sourceTree = "<group>"; };
		FDC5F3991BC6B38E00E46F43 /* BGStatusFrame.h */ = {isa = PBXFileReference; fileEncoding = 4; lastKnownFileType = sourcecode.c.h; path = BGStatusFrame.h; sourceTree = "<group>"; };
		FDC5F39A1BC6B38E00E46F43 /* BGStatusFrame.m */ = {isa = PBXFileReference; fileEncoding = 4; lastKnownFileType = sourcecode.c.objc; path = BGStatusFrame.m; sourceTree = "<group>"; };
		FDC5F39C1BC6B69000E46F43 /* BGPhoto.h */ = {isa = PBXFileReference; fileEncoding = 4; lastKnownFileType = sourcecode.c.h; path = BGPhoto.h; sourceTree = "<group>"; };
		FDC5F39D1BC6B69000E46F43 /* BGPhoto.m */ = {isa = PBXFileReference; fileEncoding = 4; lastKnownFileType = sourcecode.c.objc; path = BGPhoto.m; sourceTree = "<group>"; };
		FDC5F39F1BC6B81F00E46F43 /* NSString+Extension.h */ = {isa = PBXFileReference; fileEncoding = 4; lastKnownFileType = sourcecode.c.h; path = "NSString+Extension.h"; sourceTree = "<group>"; };
		FDC5F3A01BC6B81F00E46F43 /* NSString+Extension.m */ = {isa = PBXFileReference; fileEncoding = 4; lastKnownFileType = sourcecode.c.objc; path = "NSString+Extension.m"; sourceTree = "<group>"; };
		FDC5F3A21BC6BA1D00E46F43 /* BGStatusCell.h */ = {isa = PBXFileReference; fileEncoding = 4; lastKnownFileType = sourcecode.c.h; path = BGStatusCell.h; sourceTree = "<group>"; };
		FDC5F3A31BC6BA1D00E46F43 /* BGStatusCell.m */ = {isa = PBXFileReference; fileEncoding = 4; lastKnownFileType = sourcecode.c.objc; path = BGStatusCell.m; sourceTree = "<group>"; };
		FDC5F3A51BC6C2BE00E46F43 /* BGStatusToolbar.h */ = {isa = PBXFileReference; fileEncoding = 4; lastKnownFileType = sourcecode.c.h; path = BGStatusToolbar.h; sourceTree = "<group>"; };
		FDC5F3A61BC6C2BE00E46F43 /* BGStatusToolbar.m */ = {isa = PBXFileReference; fileEncoding = 4; lastKnownFileType = sourcecode.c.objc; path = BGStatusToolbar.m; sourceTree = "<group>"; };
		FDC5F3A81BC6C50800E46F43 /* BGStatusPhotoView.h */ = {isa = PBXFileReference; fileEncoding = 4; lastKnownFileType = sourcecode.c.h; path = BGStatusPhotoView.h; sourceTree = "<group>"; };
		FDC5F3A91BC6C50800E46F43 /* BGStatusPhotoView.m */ = {isa = PBXFileReference; fileEncoding = 4; lastKnownFileType = sourcecode.c.objc; path = BGStatusPhotoView.m; sourceTree = "<group>"; };
		FDC5F3AB1BC6C64400E46F43 /* BGStatusPhotosView.h */ = {isa = PBXFileReference; fileEncoding = 4; lastKnownFileType = sourcecode.c.h; path = BGStatusPhotosView.h; sourceTree = "<group>"; };
		FDC5F3AC1BC6C64400E46F43 /* BGStatusPhotosView.m */ = {isa = PBXFileReference; fileEncoding = 4; lastKnownFileType = sourcecode.c.objc; path = BGStatusPhotosView.m; sourceTree = "<group>"; };
		FDC5F3AE1BC6C8E800E46F43 /* BGIconView.h */ = {isa = PBXFileReference; fileEncoding = 4; lastKnownFileType = sourcecode.c.h; path = BGIconView.h; sourceTree = "<group>"; };
		FDC5F3AF1BC6C8E800E46F43 /* BGIconView.m */ = {isa = PBXFileReference; fileEncoding = 4; lastKnownFileType = sourcecode.c.objc; path = BGIconView.m; sourceTree = "<group>"; };
		FDC9F3001BAEEFD90060BB8C /* BGAccount.h */ = {isa = PBXFileReference; fileEncoding = 4; lastKnownFileType = sourcecode.c.h; path = BGAccount.h; sourceTree = "<group>"; };
		FDC9F3011BAEEFD90060BB8C /* BGAccount.m */ = {isa = PBXFileReference; fileEncoding = 4; lastKnownFileType = sourcecode.c.objc; path = BGAccount.m; sourceTree = "<group>"; };
		FDE4BADC1BCD5F9100CB983C /* Default-568h@2x.png */ = {isa = PBXFileReference; lastKnownFileType = image.png; path = "Default-568h@2x.png"; sourceTree = "<group>"; };
/* End PBXFileReference section */

/* Begin PBXFrameworksBuildPhase section */
		FD9EFABE1BA1E55700D712F3 /* Frameworks */ = {
			isa = PBXFrameworksBuildPhase;
			buildActionMask = 2147483647;
			files = (
			);
			runOnlyForDeploymentPostprocessing = 0;
		};
		FD9EFAD71BA1E55800D712F3 /* Frameworks */ = {
			isa = PBXFrameworksBuildPhase;
			buildActionMask = 2147483647;
			files = (
			);
			runOnlyForDeploymentPostprocessing = 0;
		};
/* End PBXFrameworksBuildPhase section */

/* Begin PBXGroup section */
		FD11ED5B1BAF06A000F33D52 /* MBProgressHUD */ = {
			isa = PBXGroup;
			children = (
				FD11ED5C1BAF06A000F33D52 /* MBProgressHUD+MJ.h */,
				FD11ED5D1BAF06A000F33D52 /* MBProgressHUD+MJ.m */,
				FD11ED5E1BAF06A000F33D52 /* MBProgressHUD.bundle */,
				FD11ED5F1BAF06A000F33D52 /* MBProgressHUD.h */,
				FD11ED601BAF06A000F33D52 /* MBProgressHUD.m */,
			);
			path = MBProgressHUD;
			sourceTree = "<group>";
		};
		FD1656DA1BB2DA4900282A60 /* SDWebImage */ = {
			isa = PBXGroup;
			children = (
				FD1656DB1BB2DA4900282A60 /* MKAnnotationView+WebCache.h */,
				FD1656DC1BB2DA4900282A60 /* MKAnnotationView+WebCache.m */,
				FD1656DD1BB2DA4900282A60 /* NSData+ImageContentType.h */,
				FD1656DE1BB2DA4900282A60 /* NSData+ImageContentType.m */,
				FD1656DF1BB2DA4900282A60 /* SDImageCache.h */,
				FD1656E01BB2DA4900282A60 /* SDImageCache.m */,
				FD1656E11BB2DA4900282A60 /* SDWebImageCompat.h */,
				FD1656E21BB2DA4900282A60 /* SDWebImageCompat.m */,
				FD1656E31BB2DA4900282A60 /* SDWebImageDecoder.h */,
				FD1656E41BB2DA4900282A60 /* SDWebImageDecoder.m */,
				FD1656E51BB2DA4900282A60 /* SDWebImageDownloader.h */,
				FD1656E61BB2DA4900282A60 /* SDWebImageDownloader.m */,
				FD1656E71BB2DA4900282A60 /* SDWebImageDownloaderOperation.h */,
				FD1656E81BB2DA4900282A60 /* SDWebImageDownloaderOperation.m */,
				FD1656E91BB2DA4900282A60 /* SDWebImageManager.h */,
				FD1656EA1BB2DA4900282A60 /* SDWebImageManager.m */,
				FD1656EB1BB2DA4900282A60 /* SDWebImageOperation.h */,
				FD1656EC1BB2DA4900282A60 /* SDWebImagePrefetcher.h */,
				FD1656ED1BB2DA4900282A60 /* SDWebImagePrefetcher.m */,
				FD1656EE1BB2DA4900282A60 /* UIButton+WebCache.h */,
				FD1656EF1BB2DA4900282A60 /* UIButton+WebCache.m */,
				FD1656F01BB2DA4900282A60 /* UIImage+GIF.h */,
				FD1656F11BB2DA4900282A60 /* UIImage+GIF.m */,
				FD1656F21BB2DA4900282A60 /* UIImage+MultiFormat.h */,
				FD1656F31BB2DA4900282A60 /* UIImage+MultiFormat.m */,
				FD1656F41BB2DA4900282A60 /* UIImage+WebP.h */,
				FD1656F51BB2DA4900282A60 /* UIImage+WebP.m */,
				FD1656F61BB2DA4900282A60 /* UIImageView+HighlightedWebCache.h */,
				FD1656F71BB2DA4900282A60 /* UIImageView+HighlightedWebCache.m */,
				FD1656F81BB2DA4900282A60 /* UIImageView+WebCache.h */,
				FD1656F91BB2DA4900282A60 /* UIImageView+WebCache.m */,
				FD1656FA1BB2DA4900282A60 /* UIView+WebCacheOperation.h */,
				FD1656FB1BB2DA4900282A60 /* UIView+WebCacheOperation.m */,
			);
			path = SDWebImage;
			sourceTree = "<group>";
		};
		FD1657121BB2EF9000282A60 /* MJRefresh */ = {
			isa = PBXGroup;
			children = (
				FD1657131BB2EF9000282A60 /* Base */,
				FD16571E1BB2EF9000282A60 /* Custom */,
				FD1657351BB2EF9000282A60 /* MJRefresh.bundle */,
				FD1657361BB2EF9000282A60 /* MJRefresh.h */,
				FD1657371BB2EF9000282A60 /* MJRefreshConst.h */,
				FD1657381BB2EF9000282A60 /* MJRefreshConst.m */,
				FD1657391BB2EF9000282A60 /* UIScrollView+MJExtension.h */,
				FD16573A1BB2EF9000282A60 /* UIScrollView+MJExtension.m */,
				FD16573B1BB2EF9000282A60 /* UIScrollView+MJRefresh.h */,
				FD16573C1BB2EF9000282A60 /* UIScrollView+MJRefresh.m */,
				FD16573D1BB2EF9000282A60 /* UIView+MJExtension.h */,
				FD16573E1BB2EF9000282A60 /* UIView+MJExtension.m */,
			);
			path = MJRefresh;
			sourceTree = "<group>";
		};
		FD1657131BB2EF9000282A60 /* Base */ = {
			isa = PBXGroup;
			children = (
				FD1657141BB2EF9000282A60 /* MJRefreshAutoFooter.h */,
				FD1657151BB2EF9000282A60 /* MJRefreshAutoFooter.m */,
				FD1657161BB2EF9000282A60 /* MJRefreshBackFooter.h */,
				FD1657171BB2EF9000282A60 /* MJRefreshBackFooter.m */,
				FD1657181BB2EF9000282A60 /* MJRefreshComponent.h */,
				FD1657191BB2EF9000282A60 /* MJRefreshComponent.m */,
				FD16571A1BB2EF9000282A60 /* MJRefreshFooter.h */,
				FD16571B1BB2EF9000282A60 /* MJRefreshFooter.m */,
				FD16571C1BB2EF9000282A60 /* MJRefreshHeader.h */,
				FD16571D1BB2EF9000282A60 /* MJRefreshHeader.m */,
			);
			path = Base;
			sourceTree = "<group>";
		};
		FD16571E1BB2EF9000282A60 /* Custom */ = {
			isa = PBXGroup;
			children = (
				FD16571F1BB2EF9000282A60 /* Footer */,
				FD16572E1BB2EF9000282A60 /* Header */,
			);
			path = Custom;
			sourceTree = "<group>";
		};
		FD16571F1BB2EF9000282A60 /* Footer */ = {
			isa = PBXGroup;
			children = (
				FD1657201BB2EF9000282A60 /* Auto */,
				FD1657271BB2EF9000282A60 /* Back */,
			);
			path = Footer;
			sourceTree = "<group>";
		};
		FD1657201BB2EF9000282A60 /* Auto */ = {
			isa = PBXGroup;
			children = (
				FD1657211BB2EF9000282A60 /* MJRefreshAutoGifFooter.h */,
				FD1657221BB2EF9000282A60 /* MJRefreshAutoGifFooter.m */,
				FD1657231BB2EF9000282A60 /* MJRefreshAutoNormalFooter.h */,
				FD1657241BB2EF9000282A60 /* MJRefreshAutoNormalFooter.m */,
				FD1657251BB2EF9000282A60 /* MJRefreshAutoStateFooter.h */,
				FD1657261BB2EF9000282A60 /* MJRefreshAutoStateFooter.m */,
			);
			path = Auto;
			sourceTree = "<group>";
		};
		FD1657271BB2EF9000282A60 /* Back */ = {
			isa = PBXGroup;
			children = (
				FD1657281BB2EF9000282A60 /* MJRefreshBackGifFooter.h */,
				FD1657291BB2EF9000282A60 /* MJRefreshBackGifFooter.m */,
				FD16572A1BB2EF9000282A60 /* MJRefreshBackNormalFooter.h */,
				FD16572B1BB2EF9000282A60 /* MJRefreshBackNormalFooter.m */,
				FD16572C1BB2EF9000282A60 /* MJRefreshBackStateFooter.h */,
				FD16572D1BB2EF9000282A60 /* MJRefreshBackStateFooter.m */,
			);
			path = Back;
			sourceTree = "<group>";
		};
		FD16572E1BB2EF9000282A60 /* Header */ = {
			isa = PBXGroup;
			children = (
				FD16572F1BB2EF9000282A60 /* MJRefreshGifHeader.h */,
				FD1657301BB2EF9000282A60 /* MJRefreshGifHeader.m */,
				FD1657311BB2EF9000282A60 /* MJRefreshNormalHeader.h */,
				FD1657321BB2EF9000282A60 /* MJRefreshNormalHeader.m */,
				FD1657331BB2EF9000282A60 /* MJRefreshStateHeader.h */,
				FD1657341BB2EF9000282A60 /* MJRefreshStateHeader.m */,
			);
			path = Header;
			sourceTree = "<group>";
		};
		FD1C11A41BD5F0AD00B3219E /* Compose(发微博) */ = {
			isa = PBXGroup;
			children = (
				FD1C11A51BD5F0AD00B3219E /* Controller */,
				FD1C11A61BD5F0AD00B3219E /* Model */,
				FD1C11A71BD5F0AD00B3219E /* View */,
			);
			path = "Compose(发微博)";
			sourceTree = "<group>";
		};
		FD1C11A51BD5F0AD00B3219E /* Controller */ = {
			isa = PBXGroup;
			children = (
				FD1C11A81BD5F0F700B3219E /* BGComposeViewController.h */,
				FD1C11A91BD5F0F700B3219E /* BGComposeViewController.m */,
			);
			path = Controller;
			sourceTree = "<group>";
		};
		FD1C11A61BD5F0AD00B3219E /* Model */ = {
			isa = PBXGroup;
			children = (
				FD02B9611BDF52AB0071F49A /* BGEmotion.h */,
				FD02B9621BDF52AB0071F49A /* BGEmotion.m */,
			);
			path = Model;
			sourceTree = "<group>";
		};
		FD1C11A71BD5F0AD00B3219E /* View */ = {
			isa = PBXGroup;
			children = (
				FD1C11AE1BD604F000B3219E /* BGComposePhotosView.h */,
				FD1C11AF1BD604F000B3219E /* BGComposePhotosView.m */,
				FD1C11B11BD6059000B3219E /* BGComposeToolbar.h */,
				FD1C11B21BD6059000B3219E /* BGComposeToolbar.m */,
				FD1C11B41BD6139E00B3219E /* BGEmotionKeyboard.h */,
				FD1C11B51BD6139E00B3219E /* BGEmotionKeyboard.m */,
				FD02B95E1BDF52650071F49A /* BGEmotionListView.h */,
				FD02B95F1BDF52650071F49A /* BGEmotionListView.m */,
				FD02B9641BDF54210071F49A /* BGEmotionPageView.h */,
				FD02B9651BDF54210071F49A /* BGEmotionPageView.m */,
			);
			path = View;
			sourceTree = "<group>";
		};
		FD3ABC841BA7152500F17631 /* Discover(发现) */ = {
			isa = PBXGroup;
			children = (
				FD3ABC851BA7152500F17631 /* Controller */,
				FD3ABC881BA7152500F17631 /* Model */,
				FD3ABC891BA7152500F17631 /* View */,
			);
			path = "Discover(发现)";
			sourceTree = "<group>";
		};
		FD3ABC851BA7152500F17631 /* Controller */ = {
			isa = PBXGroup;
			children = (
				FD3ABC861BA7152500F17631 /* BGDiscoverViewController.h */,
				FD3ABC871BA7152500F17631 /* BGDiscoverViewController.m */,
			);
			path = Controller;
			sourceTree = "<group>";
		};
		FD3ABC881BA7152500F17631 /* Model */ = {
			isa = PBXGroup;
			children = (
			);
			path = Model;
			sourceTree = "<group>";
		};
		FD3ABC891BA7152500F17631 /* View */ = {
			isa = PBXGroup;
			children = (
			);
			path = View;
			sourceTree = "<group>";
		};
		FD3ABC8A1BA7152500F17631 /* Home(首页) */ = {
			isa = PBXGroup;
			children = (
				FD3ABC8B1BA7152500F17631 /* Controller */,
				FD3ABC8E1BA7152500F17631 /* Model */,
				FD3ABC8F1BA7152500F17631 /* View */,
			);
			path = "Home(首页)";
			sourceTree = "<group>";
		};
		FD3ABC8B1BA7152500F17631 /* Controller */ = {
			isa = PBXGroup;
			children = (
				FD3ABC8C1BA7152500F17631 /* BGHomeViewController.h */,
				FD3ABC8D1BA7152500F17631 /* BGHomeViewController.m */,
			);
			path = Controller;
			sourceTree = "<group>";
		};
		FD3ABC8E1BA7152500F17631 /* Model */ = {
			isa = PBXGroup;
			children = (
				FD16570C1BB2E08500282A60 /* BGUser.h */,
				FD16570D1BB2E08500282A60 /* BGUser.m */,
				FD16570F1BB2E09D00282A60 /* BGStatus.h */,
				FD1657101BB2E09D00282A60 /* BGStatus.m */,
				FDC5F3991BC6B38E00E46F43 /* BGStatusFrame.h */,
				FDC5F39A1BC6B38E00E46F43 /* BGStatusFrame.m */,
				FDC5F39C1BC6B69000E46F43 /* BGPhoto.h */,
				FDC5F39D1BC6B69000E46F43 /* BGPhoto.m */,
			);
			path = Model;
			sourceTree = "<group>";
		};
		FD3ABC8F1BA7152500F17631 /* View */ = {
			isa = PBXGroup;
			children = (
				FD69858C1BB6B1E800295E77 /* BGLoadMoreFooter.h */,
				FD69858D1BB6B1E800295E77 /* BGLoadMoreFooter.m */,
				FD69858E1BB6B1E800295E77 /* BGLoadMoreFooter.xib */,
				FD896FEA1BAC7069002C4B7C /* BGTitleMenuViewController.h */,
				FD896FEB1BAC7069002C4B7C /* BGTitleMenuViewController.m */,
				FD5D0F481BB1B72A009CBCAD /* BGTitleButton.h */,
				FD5D0F491BB1B72A009CBCAD /* BGTitleButton.m */,
				FDC5F3A21BC6BA1D00E46F43 /* BGStatusCell.h */,
				FDC5F3A31BC6BA1D00E46F43 /* BGStatusCell.m */,
				FDC5F3A51BC6C2BE00E46F43 /* BGStatusToolbar.h */,
				FDC5F3A61BC6C2BE00E46F43 /* BGStatusToolbar.m */,
				FDC5F3A81BC6C50800E46F43 /* BGStatusPhotoView.h */,
				FDC5F3A91BC6C50800E46F43 /* BGStatusPhotoView.m */,
				FDC5F3AB1BC6C64400E46F43 /* BGStatusPhotosView.h */,
				FDC5F3AC1BC6C64400E46F43 /* BGStatusPhotosView.m */,
			);
			path = View;
			sourceTree = "<group>";
		};
		FD3ABC901BA7152500F17631 /* Main(主要) */ = {
			isa = PBXGroup;
			children = (
				FD3ABC911BA7152500F17631 /* Category */,
				FD3ABC921BA7152500F17631 /* Controller */,
				FD3ABC951BA7152500F17631 /* Lib */,
				FD3ABC961BA7152500F17631 /* Model */,
				FD3ABC971BA7152500F17631 /* Other */,
				FD3ABC9B1BA7152500F17631 /* View */,
			);
			path = "Main(主要)";
			sourceTree = "<group>";
		};
		FD3ABC911BA7152500F17631 /* Category */ = {
			isa = PBXGroup;
			children = (
				FD5D0F451BB1A70A009CBCAD /* NSDate+Extension.h */,
				FD5D0F461BB1A70A009CBCAD /* NSDate+Extension.m */,
				FD3ABCB91BA71D2D00F17631 /* UIBarButtonItem+Extension.h */,
				FD3ABCBA1BA71D2D00F17631 /* UIBarButtonItem+Extension.m */,
				FD3ABCB61BA7196C00F17631 /* UIView+Extension.h */,
				FD3ABCB71BA7196C00F17631 /* UIView+Extension.m */,
				FD830AF01BB19458001F062C /* UIWindow+Extension.h */,
				FD830AF11BB19458001F062C /* UIWindow+Extension.m */,
				FDC5F39F1BC6B81F00E46F43 /* NSString+Extension.h */,
				FDC5F3A01BC6B81F00E46F43 /* NSString+Extension.m */,
			);
			path = Category;
			sourceTree = "<group>";
		};
		FD3ABC921BA7152500F17631 /* Controller */ = {
			isa = PBXGroup;
			children = (
				FD3ABC931BA7152500F17631 /* BGTabBarViewController.h */,
				FD3ABC941BA7152500F17631 /* BGTabBarViewController.m */,
				FD3ABCB31BA716FD00F17631 /* BGNavigationController.h */,
				FD3ABCB41BA716FD00F17631 /* BGNavigationController.m */,
			);
			path = Controller;
			sourceTree = "<group>";
		};
		FD3ABC951BA7152500F17631 /* Lib */ = {
			isa = PBXGroup;
			children = (
				FD1657121BB2EF9000282A60 /* MJRefresh */,
				FD1656DA1BB2DA4900282A60 /* SDWebImage */,
				FD5D0F221BB1A086009CBCAD /* MJExtension */,
				FD11ED5B1BAF06A000F33D52 /* MBProgressHUD */,
				FDB40BD31BAE7B42003A1356 /* AFNetworking */,
			);
			path = Lib;
			sourceTree = "<group>";
		};
		FD3ABC961BA7152500F17631 /* Model */ = {
			isa = PBXGroup;
			children = (
			);
			path = Model;
			sourceTree = "<group>";
		};
		FD3ABC971BA7152500F17631 /* Other */ = {
			isa = PBXGroup;
			children = (
				FD3ABC981BA7152500F17631 /* AppDelegate.h */,
				FD3ABC991BA7152500F17631 /* AppDelegate.m */,
				FD3ABC9A1BA7152500F17631 /* main.m */,
			);
			path = Other;
			sourceTree = "<group>";
		};
		FD3ABC9B1BA7152500F17631 /* View */ = {
			isa = PBXGroup;
			children = (
				FD1C11AB1BD5F13C00B3219E /* BGTextView.h */,
				FD1C11AC1BD5F13C00B3219E /* BGTextView.m */,
				FD8199341BBAEAA30065C039 /* BGBadgeButton.h */,
				FD8199351BBAEAA30065C039 /* BGBadgeButton.m */,
				FD896FE41BAC6EAD002C4B7C /* BGDropdownMenu.h */,
				FD896FE51BAC6EAD002C4B7C /* BGDropdownMenu.m */,
				FD896FE61BAC6EAD002C4B7C /* BGTabBar.h */,
				FD896FE71BAC6EAD002C4B7C /* BGTabBar.m */,
				FD94CD541BA8713F0096736C /* BGSearchBar.h */,
				FD94CD551BA871400096736C /* BGSearchBar.m */,
				FDC5F3AE1BC6C8E800E46F43 /* BGIconView.h */,
				FDC5F3AF1BC6C8E800E46F43 /* BGIconView.m */,
			);
			path = View;
			sourceTree = "<group>";
		};
		FD3ABC9C1BA7152500F17631 /* MessageCenter(消息) */ = {
			isa = PBXGroup;
			children = (
				FD3ABC9D1BA7152500F17631 /* Controller */,
				FD3ABCA01BA7152500F17631 /* Model */,
				FD3ABCA11BA7152500F17631 /* View */,
			);
			path = "MessageCenter(消息)";
			sourceTree = "<group>";
		};
		FD3ABC9D1BA7152500F17631 /* Controller */ = {
			isa = PBXGroup;
			children = (
				FD3ABC9E1BA7152500F17631 /* BGMessageCenterViewController.h */,
				FD3ABC9F1BA7152500F17631 /* BGMessageCenterViewController.m */,
			);
			path = Controller;
			sourceTree = "<group>";
		};
		FD3ABCA01BA7152500F17631 /* Model */ = {
			isa = PBXGroup;
			children = (
			);
			path = Model;
			sourceTree = "<group>";
		};
		FD3ABCA11BA7152500F17631 /* View */ = {
			isa = PBXGroup;
			children = (
			);
			path = View;
			sourceTree = "<group>";
		};
		FD3ABCA21BA7152500F17631 /* Newfeature(新特性) */ = {
			isa = PBXGroup;
			children = (
				FD3ABCA31BA7152500F17631 /* Controller */,
				FD3ABCA41BA7152500F17631 /* Model */,
				FD3ABCA51BA7152500F17631 /* View */,
			);
			path = "Newfeature(新特性)";
			sourceTree = "<group>";
		};
		FD3ABCA31BA7152500F17631 /* Controller */ = {
			isa = PBXGroup;
			children = (
				FD8FE9361BAD90A10015102C /* BGNewfeatureViewController.h */,
				FD8FE9371BAD90A10015102C /* BGNewfeatureViewController.m */,
			);
			path = Controller;
			sourceTree = "<group>";
		};
		FD3ABCA41BA7152500F17631 /* Model */ = {
			isa = PBXGroup;
			children = (
			);
			path = Model;
			sourceTree = "<group>";
		};
		FD3ABCA51BA7152500F17631 /* View */ = {
			isa = PBXGroup;
			children = (
			);
			path = View;
			sourceTree = "<group>";
		};
		FD3ABCA61BA7152500F17631 /* Profile(我) */ = {
			isa = PBXGroup;
			children = (
				FD3ABCA71BA7152500F17631 /* Controller */,
				FD3ABCAA1BA7152500F17631 /* Model */,
				FD3ABCAB1BA7152500F17631 /* View */,
			);
			path = "Profile(我)";
			sourceTree = "<group>";
		};
		FD3ABCA71BA7152500F17631 /* Controller */ = {
			isa = PBXGroup;
			children = (
				FD3ABCA81BA7152500F17631 /* BGProfileViewController.h */,
				FD3ABCA91BA7152500F17631 /* BGProfileViewController.m */,
			);
			path = Controller;
			sourceTree = "<group>";
		};
		FD3ABCAA1BA7152500F17631 /* Model */ = {
			isa = PBXGroup;
			children = (
			);
			path = Model;
			sourceTree = "<group>";
		};
		FD3ABCAB1BA7152500F17631 /* View */ = {
			isa = PBXGroup;
			children = (
			);
			path = View;
			sourceTree = "<group>";
		};
		FD5D0F221BB1A086009CBCAD /* MJExtension */ = {
			isa = PBXGroup;
			children = (
				FD5D0F231BB1A086009CBCAD /* MJDictionaryCache.h */,
				FD5D0F241BB1A086009CBCAD /* MJDictionaryCache.m */,
				FD5D0F251BB1A086009CBCAD /* MJExtension.h */,
				FD5D0F261BB1A086009CBCAD /* MJExtensionConst.h */,
				FD5D0F271BB1A086009CBCAD /* MJExtensionConst.m */,
				FD5D0F281BB1A086009CBCAD /* MJFoundation.h */,
				FD5D0F291BB1A086009CBCAD /* MJFoundation.m */,
				FD5D0F2A1BB1A086009CBCAD /* MJProperty.h */,
				FD5D0F2B1BB1A086009CBCAD /* MJProperty.m */,
				FD5D0F2C1BB1A086009CBCAD /* MJPropertyKey.h */,
				FD5D0F2D1BB1A086009CBCAD /* MJPropertyKey.m */,
				FD5D0F2E1BB1A086009CBCAD /* MJPropertyType.h */,
				FD5D0F2F1BB1A086009CBCAD /* MJPropertyType.m */,
				FD5D0F301BB1A086009CBCAD /* NSObject+MJClass.h */,
				FD5D0F311BB1A086009CBCAD /* NSObject+MJClass.m */,
				FD5D0F321BB1A086009CBCAD /* NSObject+MJCoding.h */,
				FD5D0F331BB1A086009CBCAD /* NSObject+MJCoding.m */,
				FD5D0F341BB1A086009CBCAD /* NSObject+MJKeyValue.h */,
				FD5D0F351BB1A086009CBCAD /* NSObject+MJKeyValue.m */,
				FD5D0F361BB1A086009CBCAD /* NSObject+MJProperty.h */,
				FD5D0F371BB1A086009CBCAD /* NSObject+MJProperty.m */,
				FD5D0F381BB1A086009CBCAD /* NSString+MJExtension.h */,
				FD5D0F391BB1A086009CBCAD /* NSString+MJExtension.m */,
			);
			path = MJExtension;
			sourceTree = "<group>";
		};
		FD830AEC1BB188C6001F062C /* Tool */ = {
			isa = PBXGroup;
			children = (
				FD830AED1BB18912001F062C /* BGAccountTool.h */,
				FD830AEE1BB18913001F062C /* BGAccountTool.m */,
			);
			name = Tool;
			sourceTree = "<group>";
		};
		FD9EFAB81BA1E55700D712F3 = {
			isa = PBXGroup;
			children = (
				FDE4BADC1BCD5F9100CB983C /* Default-568h@2x.png */,
				FD9EFAC31BA1E55700D712F3 /* BGWeiBo */,
				FD9EFADD1BA1E55800D712F3 /* BGWeiBoTests */,
				FD9EFAC21BA1E55700D712F3 /* Products */,
			);
			sourceTree = "<group>";
		};
		FD9EFAC21BA1E55700D712F3 /* Products */ = {
			isa = PBXGroup;
			children = (
				FD9EFAC11BA1E55700D712F3 /* BGWeiBo.app */,
				FD9EFADA1BA1E55800D712F3 /* BGWeiBoTests.xctest */,
			);
			name = Products;
			sourceTree = "<group>";
		};
		FD9EFAC31BA1E55700D712F3 /* BGWeiBo */ = {
			isa = PBXGroup;
			children = (
				FD9EFAEA1BA1E69700D712F3 /* Classes */,
				FD9EFAC41BA1E55700D712F3 /* Supporting Files */,
			);
			path = BGWeiBo;
			sourceTree = "<group>";
		};
		FD9EFAC41BA1E55700D712F3 /* Supporting Files */ = {
			isa = PBXGroup;
			children = (
				FD9EFAD11BA1E55800D712F3 /* Images.xcassets */,
				FD9EFAC51BA1E55700D712F3 /* Info.plist */,
				FD9EFAF01BA1E72500D712F3 /* BGWeiBo-Prefix.pch */,
			);
			name = "Supporting Files";
			sourceTree = "<group>";
		};
		FD9EFADD1BA1E55800D712F3 /* BGWeiBoTests */ = {
			isa = PBXGroup;
			children = (
				FD9EFAE01BA1E55800D712F3 /* BGWeiBoTests.m */,
				FD9EFADE1BA1E55800D712F3 /* Supporting Files */,
			);
			path = BGWeiBoTests;
			sourceTree = "<group>";
		};
		FD9EFADE1BA1E55800D712F3 /* Supporting Files */ = {
			isa = PBXGroup;
			children = (
				FD9EFADF1BA1E55800D712F3 /* Info.plist */,
			);
			name = "Supporting Files";
			sourceTree = "<group>";
		};
		FD9EFAEA1BA1E69700D712F3 /* Classes */ = {
			isa = PBXGroup;
			children = (
				FD1C11A41BD5F0AD00B3219E /* Compose(发微博) */,
				FDB40BCC1BAE7528003A1356 /* OAuth(授权) */,
				FD3ABC841BA7152500F17631 /* Discover(发现) */,
				FD3ABC8A1BA7152500F17631 /* Home(首页) */,
				FD3ABC901BA7152500F17631 /* Main(主要) */,
				FD3ABC9C1BA7152500F17631 /* MessageCenter(消息) */,
				FD3ABCA21BA7152500F17631 /* Newfeature(新特性) */,
				FD3ABCA61BA7152500F17631 /* Profile(我) */,
			);
			path = Classes;
			sourceTree = "<group>";
		};
		FDB40BCC1BAE7528003A1356 /* OAuth(授权) */ = {
			isa = PBXGroup;
			children = (
				FD830AEC1BB188C6001F062C /* Tool */,
				FDB40BCD1BAE7528003A1356 /* Controller */,
				FDB40BCE1BAE7528003A1356 /* Model */,
				FDB40BCF1BAE7528003A1356 /* View */,
			);
			path = "OAuth(授权)";
			sourceTree = "<group>";
		};
		FDB40BCD1BAE7528003A1356 /* Controller */ = {
			isa = PBXGroup;
			children = (
				FDB40BD01BAE78E4003A1356 /* BGOAuthViewController.h */,
				FDB40BD11BAE78E4003A1356 /* BGOAuthViewController.m */,
			);
			path = Controller;
			sourceTree = "<group>";
		};
		FDB40BCE1BAE7528003A1356 /* Model */ = {
			isa = PBXGroup;
			children = (
				FDC9F3001BAEEFD90060BB8C /* BGAccount.h */,
				FDC9F3011BAEEFD90060BB8C /* BGAccount.m */,
			);
			path = Model;
			sourceTree = "<group>";
		};
		FDB40BCF1BAE7528003A1356 /* View */ = {
			isa = PBXGroup;
			children = (
			);
			path = View;
			sourceTree = "<group>";
		};
		FDB40BD31BAE7B42003A1356 /* AFNetworking */ = {
			isa = PBXGroup;
			children = (
				FDB40BD41BAE7B42003A1356 /* AFHTTPRequestOperation.h */,
				FDB40BD51BAE7B42003A1356 /* AFHTTPRequestOperation.m */,
				FDB40BD61BAE7B42003A1356 /* AFHTTPRequestOperationManager.h */,
				FDB40BD71BAE7B42003A1356 /* AFHTTPRequestOperationManager.m */,
				FDB40BD81BAE7B42003A1356 /* AFHTTPSessionManager.h */,
				FDB40BD91BAE7B42003A1356 /* AFHTTPSessionManager.m */,
				FDB40BDA1BAE7B42003A1356 /* AFNetworking.h */,
				FDB40BDB1BAE7B42003A1356 /* AFNetworkReachabilityManager.h */,
				FDB40BDC1BAE7B42003A1356 /* AFNetworkReachabilityManager.m */,
				FDB40BDD1BAE7B42003A1356 /* AFSecurityPolicy.h */,
				FDB40BDE1BAE7B42003A1356 /* AFSecurityPolicy.m */,
				FDB40BDF1BAE7B42003A1356 /* AFURLConnectionOperation.h */,
				FDB40BE01BAE7B42003A1356 /* AFURLConnectionOperation.m */,
				FDB40BE11BAE7B42003A1356 /* AFURLRequestSerialization.h */,
				FDB40BE21BAE7B42003A1356 /* AFURLRequestSerialization.m */,
				FDB40BE31BAE7B42003A1356 /* AFURLResponseSerialization.h */,
				FDB40BE41BAE7B42003A1356 /* AFURLResponseSerialization.m */,
				FDB40BE51BAE7B42003A1356 /* AFURLSessionManager.h */,
				FDB40BE61BAE7B42003A1356 /* AFURLSessionManager.m */,
			);
			path = AFNetworking;
			sourceTree = "<group>";
		};
/* End PBXGroup section */

/* Begin PBXNativeTarget section */
		FD9EFAC01BA1E55700D712F3 /* BGWeiBo */ = {
			isa = PBXNativeTarget;
			buildConfigurationList = FD9EFAE41BA1E55800D712F3 /* Build configuration list for PBXNativeTarget "BGWeiBo" */;
			buildPhases = (
				FD9EFABD1BA1E55700D712F3 /* Sources */,
				FD9EFABE1BA1E55700D712F3 /* Frameworks */,
				FD9EFABF1BA1E55700D712F3 /* Resources */,
			);
			buildRules = (
			);
			dependencies = (
			);
			name = BGWeiBo;
			productName = BGWeiBo;
			productReference = FD9EFAC11BA1E55700D712F3 /* BGWeiBo.app */;
			productType = "com.apple.product-type.application";
		};
		FD9EFAD91BA1E55800D712F3 /* BGWeiBoTests */ = {
			isa = PBXNativeTarget;
			buildConfigurationList = FD9EFAE71BA1E55800D712F3 /* Build configuration list for PBXNativeTarget "BGWeiBoTests" */;
			buildPhases = (
				FD9EFAD61BA1E55800D712F3 /* Sources */,
				FD9EFAD71BA1E55800D712F3 /* Frameworks */,
				FD9EFAD81BA1E55800D712F3 /* Resources */,
			);
			buildRules = (
			);
			dependencies = (
				FD9EFADC1BA1E55800D712F3 /* PBXTargetDependency */,
			);
			name = BGWeiBoTests;
			productName = BGWeiBoTests;
			productReference = FD9EFADA1BA1E55800D712F3 /* BGWeiBoTests.xctest */;
			productType = "com.apple.product-type.bundle.unit-test";
		};
/* End PBXNativeTarget section */

/* Begin PBXProject section */
		FD9EFAB91BA1E55700D712F3 /* Project object */ = {
			isa = PBXProject;
			attributes = {
				CLASSPREFIX = BG;
				LastUpgradeCheck = 0700;
				ORGANIZATIONNAME = BG;
				TargetAttributes = {
					FD9EFAC01BA1E55700D712F3 = {
						CreatedOnToolsVersion = 6.4;
					};
					FD9EFAD91BA1E55800D712F3 = {
						CreatedOnToolsVersion = 6.4;
						TestTargetID = FD9EFAC01BA1E55700D712F3;
					};
				};
			};
			buildConfigurationList = FD9EFABC1BA1E55700D712F3 /* Build configuration list for PBXProject "BGWeiBo" */;
			compatibilityVersion = "Xcode 3.2";
			developmentRegion = English;
			hasScannedForEncodings = 0;
			knownRegions = (
				en,
				Base,
			);
			mainGroup = FD9EFAB81BA1E55700D712F3;
			productRefGroup = FD9EFAC21BA1E55700D712F3 /* Products */;
			projectDirPath = "";
			projectRoot = "";
			targets = (
				FD9EFAC01BA1E55700D712F3 /* BGWeiBo */,
				FD9EFAD91BA1E55800D712F3 /* BGWeiBoTests */,
			);
		};
/* End PBXProject section */

/* Begin PBXResourcesBuildPhase section */
		FD9EFABF1BA1E55700D712F3 /* Resources */ = {
			isa = PBXResourcesBuildPhase;
			buildActionMask = 2147483647;
			files = (
				FD9EFAD21BA1E55800D712F3 /* Images.xcassets in Resources */,
				FD11ED621BAF06A000F33D52 /* MBProgressHUD.bundle in Resources */,
				FD6985901BB6B1E800295E77 /* BGLoadMoreFooter.xib in Resources */,
				FDE4BADD1BCD5F9100CB983C /* Default-568h@2x.png in Resources */,
				FD16574D1BB2EF9000282A60 /* MJRefresh.bundle in Resources */,
			);
			runOnlyForDeploymentPostprocessing = 0;
		};
		FD9EFAD81BA1E55800D712F3 /* Resources */ = {
			isa = PBXResourcesBuildPhase;
			buildActionMask = 2147483647;
			files = (
			);
			runOnlyForDeploymentPostprocessing = 0;
		};
/* End PBXResourcesBuildPhase section */

/* Begin PBXSourcesBuildPhase section */
		FD9EFABD1BA1E55700D712F3 /* Sources */ = {
			isa = PBXSourcesBuildPhase;
			buildActionMask = 2147483647;
			files = (
				FD1657061BB2DA4900282A60 /* UIImage+GIF.m in Sources */,
				FDB40BEF1BAE7B42003A1356 /* AFURLSessionManager.m in Sources */,
				FD1656FC1BB2DA4900282A60 /* MKAnnotationView+WebCache.m in Sources */,
				FD830AF21BB19458001F062C /* UIWindow+Extension.m in Sources */,
				FD1657031BB2DA4900282A60 /* SDWebImageManager.m in Sources */,
				FDC5F39E1BC6B69000E46F43 /* BGPhoto.m in Sources */,
				FDB40BEC1BAE7B42003A1356 /* AFURLConnectionOperation.m in Sources */,
				FD5D0F4A1BB1B72B009CBCAD /* BGTitleButton.m in Sources */,
				FD896FE81BAC6EAD002C4B7C /* BGDropdownMenu.m in Sources */,
				FD1657501BB2EF9000282A60 /* UIScrollView+MJRefresh.m in Sources */,
				FD1657511BB2EF9000282A60 /* UIView+MJExtension.m in Sources */,
				FD1657441BB2EF9000282A60 /* MJRefreshAutoGifFooter.m in Sources */,
				FD1657411BB2EF9000282A60 /* MJRefreshComponent.m in Sources */,
				FDC5F39B1BC6B38E00E46F43 /* BGStatusFrame.m in Sources */,
				FD5D0F441BB1A086009CBCAD /* NSString+MJExtension.m in Sources */,
				FD1C11B01BD604F000B3219E /* BGComposePhotosView.m in Sources */,
				FD830AEF1BB18913001F062C /* BGAccountTool.m in Sources */,
				FDB40BE91BAE7B42003A1356 /* AFHTTPSessionManager.m in Sources */,
				FD1657081BB2DA4900282A60 /* UIImage+WebP.m in Sources */,
				FD5D0F471BB1A70A009CBCAD /* NSDate+Extension.m in Sources */,
				FDB40BEA1BAE7B42003A1356 /* AFNetworkReachabilityManager.m in Sources */,
				FD5D0F431BB1A086009CBCAD /* NSObject+MJProperty.m in Sources */,
				FD5D0F3D1BB1A086009CBCAD /* MJProperty.m in Sources */,
				FD16574B1BB2EF9000282A60 /* MJRefreshNormalHeader.m in Sources */,
				FDC5F3A41BC6BA1D00E46F43 /* BGStatusCell.m in Sources */,
				FDB40BD21BAE78E4003A1356 /* BGOAuthViewController.m in Sources */,
				FD5D0F3F1BB1A086009CBCAD /* MJPropertyType.m in Sources */,
				FD1C11B61BD6139E00B3219E /* BGEmotionKeyboard.m in Sources */,
				FD5D0F3B1BB1A086009CBCAD /* MJExtensionConst.m in Sources */,
				FD16570E1BB2E08500282A60 /* BGUser.m in Sources */,
				FD5D0F3A1BB1A086009CBCAD /* MJDictionaryCache.m in Sources */,
				FD3ABCB81BA7196C00F17631 /* UIView+Extension.m in Sources */,
				FD5D0F401BB1A086009CBCAD /* NSObject+MJClass.m in Sources */,
				FD3ABCB51BA716FD00F17631 /* BGNavigationController.m in Sources */,
				FD5D0F3C1BB1A086009CBCAD /* MJFoundation.m in Sources */,
				FD3ABCB11BA7152500F17631 /* BGMessageCenterViewController.m in Sources */,
				FDB40BEB1BAE7B42003A1356 /* AFSecurityPolicy.m in Sources */,
				FDC5F3B01BC6C8E800E46F43 /* BGIconView.m in Sources */,
				FD16574F1BB2EF9000282A60 /* UIScrollView+MJExtension.m in Sources */,
				FD16570A1BB2DA4900282A60 /* UIImageView+WebCache.m in Sources */,
				FD16573F1BB2EF9000282A60 /* MJRefreshAutoFooter.m in Sources */,
				FD1657051BB2DA4900282A60 /* UIButton+WebCache.m in Sources */,
				FDC9F3021BAEEFD90060BB8C /* BGAccount.m in Sources */,
				FD3ABCB01BA7152500F17631 /* main.m in Sources */,
				FD1656FE1BB2DA4900282A60 /* SDImageCache.m in Sources */,
				FD1C11B31BD6059000B3219E /* BGComposeToolbar.m in Sources */,
				FD1657421BB2EF9000282A60 /* MJRefreshFooter.m in Sources */,
				FD1656FF1BB2DA4900282A60 /* SDWebImageCompat.m in Sources */,
				FD896FEC1BAC7069002C4B7C /* BGTitleMenuViewController.m in Sources */,
				FD1657041BB2DA4900282A60 /* SDWebImagePrefetcher.m in Sources */,
				FD1657071BB2DA4900282A60 /* UIImage+MultiFormat.m in Sources */,
				FD1657001BB2DA4900282A60 /* SDWebImageDecoder.m in Sources */,
				FD94CD561BA871400096736C /* BGSearchBar.m in Sources */,
				FD69858F1BB6B1E800295E77 /* BGLoadMoreFooter.m in Sources */,
				FDB40BE81BAE7B42003A1356 /* AFHTTPRequestOperationManager.m in Sources */,
				FD3ABCBB1BA71D2D00F17631 /* UIBarButtonItem+Extension.m in Sources */,
				FD1657491BB2EF9000282A60 /* MJRefreshBackStateFooter.m in Sources */,
				FD16574A1BB2EF9000282A60 /* MJRefreshGifHeader.m in Sources */,
				FD1657431BB2EF9000282A60 /* MJRefreshHeader.m in Sources */,
				FDC5F3AA1BC6C50800E46F43 /* BGStatusPhotoView.m in Sources */,
				FD5D0F3E1BB1A086009CBCAD /* MJPropertyKey.m in Sources */,
				FDC5F3A11BC6B81F00E46F43 /* NSString+Extension.m in Sources */,
				FD1657401BB2EF9000282A60 /* MJRefreshBackFooter.m in Sources */,
				FD1657091BB2DA4900282A60 /* UIImageView+HighlightedWebCache.m in Sources */,
				FD3ABCB21BA7152500F17631 /* BGProfileViewController.m in Sources */,
				FD3ABCAF1BA7152500F17631 /* AppDelegate.m in Sources */,
				FD1C11AD1BD5F13C00B3219E /* BGTextView.m in Sources */,
				FD11ED611BAF06A000F33D52 /* MBProgressHUD+MJ.m in Sources */,
				FD5D0F421BB1A086009CBCAD /* NSObject+MJKeyValue.m in Sources */,
				FD16574C1BB2EF9000282A60 /* MJRefreshStateHeader.m in Sources */,
				FD1657481BB2EF9000282A60 /* MJRefreshBackNormalFooter.m in Sources */,
				FD3ABCAD1BA7152500F17631 /* BGHomeViewController.m in Sources */,
				FD1657461BB2EF9000282A60 /* MJRefreshAutoStateFooter.m in Sources */,
				FD896FE91BAC6EAD002C4B7C /* BGTabBar.m in Sources */,
				FD02B9631BDF52AB0071F49A /* BGEmotion.m in Sources */,
				FD16574E1BB2EF9000282A60 /* MJRefreshConst.m in Sources */,
				FD02B9661BDF54210071F49A /* BGEmotionPageView.m in Sources */,
				FD3ABCAC1BA7152500F17631 /* BGDiscoverViewController.m in Sources */,
				FD16570B1BB2DA4900282A60 /* UIView+WebCacheOperation.m in Sources */,
				FD8FE9381BAD90A10015102C /* BGNewfeatureViewController.m in Sources */,
				FD1657451BB2EF9000282A60 /* MJRefreshAutoNormalFooter.m in Sources */,
				FDB40BED1BAE7B42003A1356 /* AFURLRequestSerialization.m in Sources */,
				FDB40BE71BAE7B42003A1356 /* AFHTTPRequestOperation.m in Sources */,
				FD8199361BBAEAA30065C039 /* BGBadgeButton.m in Sources */,
				FD1657111BB2E09E00282A60 /* BGStatus.m in Sources */,
				FD02B9601BDF52650071F49A /* BGEmotionListView.m in Sources */,
				FD1656FD1BB2DA4900282A60 /* NSData+ImageContentType.m in Sources */,
				FD1C11AA1BD5F0F700B3219E /* BGComposeViewController.m in Sources */,
				FD1657471BB2EF9000282A60 /* MJRefreshBackGifFooter.m in Sources */,
				FD5D0F411BB1A086009CBCAD /* NSObject+MJCoding.m in Sources */,
				FDC5F3A71BC6C2BE00E46F43 /* BGStatusToolbar.m in Sources */,
				FDB40BEE1BAE7B42003A1356 /* AFURLResponseSerialization.m in Sources */,
				FD1657021BB2DA4900282A60 /* SDWebImageDownloaderOperation.m in Sources */,
				FDC5F3AD1BC6C64400E46F43 /* BGStatusPhotosView.m in Sources */,
				FD3ABCAE1BA7152500F17631 /* BGTabBarViewController.m in Sources */,
				FD1657011BB2DA4900282A60 /* SDWebImageDownloader.m in Sources */,
				FD11ED631BAF06A000F33D52 /* MBProgressHUD.m in Sources */,
			);
			runOnlyForDeploymentPostprocessing = 0;
		};
		FD9EFAD61BA1E55800D712F3 /* Sources */ = {
			isa = PBXSourcesBuildPhase;
			buildActionMask = 2147483647;
			files = (
				FD9EFAE11BA1E55800D712F3 /* BGWeiBoTests.m in Sources */,
			);
			runOnlyForDeploymentPostprocessing = 0;
		};
/* End PBXSourcesBuildPhase section */

/* Begin PBXTargetDependency section */
		FD9EFADC1BA1E55800D712F3 /* PBXTargetDependency */ = {
			isa = PBXTargetDependency;
			target = FD9EFAC01BA1E55700D712F3 /* BGWeiBo */;
			targetProxy = FD9EFADB1BA1E55800D712F3 /* PBXContainerItemProxy */;
		};
/* End PBXTargetDependency section */

/* Begin XCBuildConfiguration section */
		FD9EFAE21BA1E55800D712F3 /* Debug */ = {
			isa = XCBuildConfiguration;
			buildSettings = {
				ALWAYS_SEARCH_USER_PATHS = NO;
				CLANG_CXX_LANGUAGE_STANDARD = "gnu++0x";
				CLANG_CXX_LIBRARY = "libc++";
				CLANG_ENABLE_MODULES = YES;
				CLANG_ENABLE_OBJC_ARC = YES;
				CLANG_WARN_BOOL_CONVERSION = YES;
				CLANG_WARN_CONSTANT_CONVERSION = YES;
				CLANG_WARN_DIRECT_OBJC_ISA_USAGE = YES_ERROR;
				CLANG_WARN_EMPTY_BODY = YES;
				CLANG_WARN_ENUM_CONVERSION = YES;
				CLANG_WARN_INT_CONVERSION = YES;
				CLANG_WARN_OBJC_ROOT_CLASS = YES_ERROR;
				CLANG_WARN_UNREACHABLE_CODE = YES;
				CLANG_WARN__DUPLICATE_METHOD_MATCH = YES;
				"CODE_SIGN_IDENTITY[sdk=iphoneos*]" = "iPhone Developer";
				COPY_PHASE_STRIP = NO;
				DEBUG_INFORMATION_FORMAT = "dwarf-with-dsym";
				ENABLE_STRICT_OBJC_MSGSEND = YES;
				ENABLE_TESTABILITY = YES;
				GCC_C_LANGUAGE_STANDARD = gnu99;
				GCC_DYNAMIC_NO_PIC = NO;
				GCC_NO_COMMON_BLOCKS = YES;
				GCC_OPTIMIZATION_LEVEL = 0;
				GCC_PREFIX_HEADER = "$(SRCROOT)/BGWeiBo/BGWeiBo-Prefix.pch";
				GCC_PREPROCESSOR_DEFINITIONS = (
					"DEBUG=1",
					"$(inherited)",
				);
				GCC_SYMBOLS_PRIVATE_EXTERN = NO;
				GCC_WARN_64_TO_32_BIT_CONVERSION = YES;
				GCC_WARN_ABOUT_RETURN_TYPE = YES_ERROR;
				GCC_WARN_UNDECLARED_SELECTOR = YES;
				GCC_WARN_UNINITIALIZED_AUTOS = YES_AGGRESSIVE;
				GCC_WARN_UNUSED_FUNCTION = YES;
				GCC_WARN_UNUSED_VARIABLE = YES;
				IPHONEOS_DEPLOYMENT_TARGET = 8.4;
				MTL_ENABLE_DEBUG_INFO = YES;
				ONLY_ACTIVE_ARCH = YES;
				SDKROOT = iphoneos;
			};
			name = Debug;
		};
		FD9EFAE31BA1E55800D712F3 /* Release */ = {
			isa = XCBuildConfiguration;
			buildSettings = {
				ALWAYS_SEARCH_USER_PATHS = NO;
				CLANG_CXX_LANGUAGE_STANDARD = "gnu++0x";
				CLANG_CXX_LIBRARY = "libc++";
				CLANG_ENABLE_MODULES = YES;
				CLANG_ENABLE_OBJC_ARC = YES;
				CLANG_WARN_BOOL_CONVERSION = YES;
				CLANG_WARN_CONSTANT_CONVERSION = YES;
				CLANG_WARN_DIRECT_OBJC_ISA_USAGE = YES_ERROR;
				CLANG_WARN_EMPTY_BODY = YES;
				CLANG_WARN_ENUM_CONVERSION = YES;
				CLANG_WARN_INT_CONVERSION = YES;
				CLANG_WARN_OBJC_ROOT_CLASS = YES_ERROR;
				CLANG_WARN_UNREACHABLE_CODE = YES;
				CLANG_WARN__DUPLICATE_METHOD_MATCH = YES;
				"CODE_SIGN_IDENTITY[sdk=iphoneos*]" = "iPhone Developer";
				COPY_PHASE_STRIP = NO;
				DEBUG_INFORMATION_FORMAT = "dwarf-with-dsym";
				ENABLE_NS_ASSERTIONS = NO;
				ENABLE_STRICT_OBJC_MSGSEND = YES;
				GCC_C_LANGUAGE_STANDARD = gnu99;
				GCC_NO_COMMON_BLOCKS = YES;
				GCC_PREFIX_HEADER = "$(SRCROOT)/BGWeiBo/BGWeiBo-Prefix.pch";
				GCC_WARN_64_TO_32_BIT_CONVERSION = YES;
				GCC_WARN_ABOUT_RETURN_TYPE = YES_ERROR;
				GCC_WARN_UNDECLARED_SELECTOR = YES;
				GCC_WARN_UNINITIALIZED_AUTOS = YES_AGGRESSIVE;
				GCC_WARN_UNUSED_FUNCTION = YES;
				GCC_WARN_UNUSED_VARIABLE = YES;
				IPHONEOS_DEPLOYMENT_TARGET = 8.4;
				MTL_ENABLE_DEBUG_INFO = NO;
				SDKROOT = iphoneos;
				VALIDATE_PRODUCT = YES;
			};
			name = Release;
		};
		FD9EFAE51BA1E55800D712F3 /* Debug */ = {
			isa = XCBuildConfiguration;
			buildSettings = {
				ASSETCATALOG_COMPILER_APPICON_NAME = AppIcon;
				INFOPLIST_FILE = BGWeiBo/Info.plist;
				IPHONEOS_DEPLOYMENT_TARGET = 7.1;
				LD_RUNPATH_SEARCH_PATHS = "$(inherited) @executable_path/Frameworks";
				PRODUCT_BUNDLE_IDENTIFIER = "d-wolves.com.BGWeiBo";
				PRODUCT_NAME = "$(TARGET_NAME)";
			};
			name = Debug;
		};
		FD9EFAE61BA1E55800D712F3 /* Release */ = {
			isa = XCBuildConfiguration;
			buildSettings = {
				ASSETCATALOG_COMPILER_APPICON_NAME = AppIcon;
				INFOPLIST_FILE = BGWeiBo/Info.plist;
				IPHONEOS_DEPLOYMENT_TARGET = 7.1;
				LD_RUNPATH_SEARCH_PATHS = "$(inherited) @executable_path/Frameworks";
				PRODUCT_BUNDLE_IDENTIFIER = "d-wolves.com.BGWeiBo";
				PRODUCT_NAME = "$(TARGET_NAME)";
			};
			name = Release;
		};
		FD9EFAE81BA1E55800D712F3 /* Debug */ = {
			isa = XCBuildConfiguration;
			buildSettings = {
				BUNDLE_LOADER = "$(TEST_HOST)";
				FRAMEWORK_SEARCH_PATHS = (
					"$(SDKROOT)/Developer/Library/Frameworks",
					"$(inherited)",
				);
				GCC_PREPROCESSOR_DEFINITIONS = (
					"DEBUG=1",
					"$(inherited)",
				);
				INFOPLIST_FILE = BGWeiBoTests/Info.plist;
				LD_RUNPATH_SEARCH_PATHS = "$(inherited) @executable_path/Frameworks @loader_path/Frameworks";
				PRODUCT_BUNDLE_IDENTIFIER = "d-wolves.com.$(PRODUCT_NAME:rfc1034identifier)";
				PRODUCT_NAME = "$(TARGET_NAME)";
				TEST_HOST = "$(BUILT_PRODUCTS_DIR)/BGWeiBo.app/BGWeiBo";
			};
			name = Debug;
		};
		FD9EFAE91BA1E55800D712F3 /* Release */ = {
			isa = XCBuildConfiguration;
			buildSettings = {
				BUNDLE_LOADER = "$(TEST_HOST)";
				FRAMEWORK_SEARCH_PATHS = (
					"$(SDKROOT)/Developer/Library/Frameworks",
					"$(inherited)",
				);
				INFOPLIST_FILE = BGWeiBoTests/Info.plist;
				LD_RUNPATH_SEARCH_PATHS = "$(inherited) @executable_path/Frameworks @loader_path/Frameworks";
				PRODUCT_BUNDLE_IDENTIFIER = "d-wolves.com.$(PRODUCT_NAME:rfc1034identifier)";
				PRODUCT_NAME = "$(TARGET_NAME)";
				TEST_HOST = "$(BUILT_PRODUCTS_DIR)/BGWeiBo.app/BGWeiBo";
			};
			name = Release;
		};
/* End XCBuildConfiguration section */

/* Begin XCConfigurationList section */
		FD9EFABC1BA1E55700D712F3 /* Build configuration list for PBXProject "BGWeiBo" */ = {
			isa = XCConfigurationList;
			buildConfigurations = (
				FD9EFAE21BA1E55800D712F3 /* Debug */,
				FD9EFAE31BA1E55800D712F3 /* Release */,
			);
			defaultConfigurationIsVisible = 0;
			defaultConfigurationName = Release;
		};
		FD9EFAE41BA1E55800D712F3 /* Build configuration list for PBXNativeTarget "BGWeiBo" */ = {
			isa = XCConfigurationList;
			buildConfigurations = (
				FD9EFAE51BA1E55800D712F3 /* Debug */,
				FD9EFAE61BA1E55800D712F3 /* Release */,
			);
			defaultConfigurationIsVisible = 0;
			defaultConfigurationName = Release;
		};
		FD9EFAE71BA1E55800D712F3 /* Build configuration list for PBXNativeTarget "BGWeiBoTests" */ = {
			isa = XCConfigurationList;
			buildConfigurations = (
				FD9EFAE81BA1E55800D712F3 /* Debug */,
				FD9EFAE91BA1E55800D712F3 /* Release */,
			);
			defaultConfigurationIsVisible = 0;
			defaultConfigurationName = Release;
		};
/* End XCConfigurationList section */
	};
	rootObject = FD9EFAB91BA1E55700D712F3 /* Project object */;
}
